// !$*UTF8*$!
{
	archiveVersion = 1;
	classes = {
	};
	objectVersion = 45;
	objects = {

/* Begin PBXBuildFile section */
		030625F412A9022700325249 /* MainViewController_fmunch.xib in Resources */ = {isa = PBXBuildFile; fileRef = 030625F312A9022700325249 /* MainViewController_fmunch.xib */; };
		0306261612A9058400325249 /* MenuScene.mm in Sources */ = {isa = PBXBuildFile; fileRef = 0306261512A9058400325249 /* MenuScene.mm */; };
		03109E8C12AD4667008B6DF7 /* StoreKit.framework in Frameworks */ = {isa = PBXBuildFile; fileRef = 03109E8B12AD4667008B6DF7 /* StoreKit.framework */; };
		03109F4212AD48D0008B6DF7 /* Component.mm in Sources */ = {isa = PBXBuildFile; fileRef = 03109EAF12AD48D0008B6DF7 /* Component.mm */; };
		03109F4312AD48D0008B6DF7 /* Entity.mm in Sources */ = {isa = PBXBuildFile; fileRef = 03109EB312AD48D0008B6DF7 /* Entity.mm */; };
		03109F4412AD48D0008B6DF7 /* EntityManager.mm in Sources */ = {isa = PBXBuildFile; fileRef = 03109EB612AD48D0008B6DF7 /* EntityManager.mm */; };
		03109F4512AD48D0008B6DF7 /* CDAudioManager.m in Sources */ = {isa = PBXBuildFile; fileRef = 03109EBB12AD48D0008B6DF7 /* CDAudioManager.m */; };
		03109F4612AD48D0008B6DF7 /* CDOpenALSupport.m in Sources */ = {isa = PBXBuildFile; fileRef = 03109EBE12AD48D0008B6DF7 /* CDOpenALSupport.m */; };
		03109F4712AD48D0008B6DF7 /* CocosDenshion.m in Sources */ = {isa = PBXBuildFile; fileRef = 03109EC012AD48D0008B6DF7 /* CocosDenshion.m */; };
		03109F4812AD48D0008B6DF7 /* SimpleAudioEngine.m in Sources */ = {isa = PBXBuildFile; fileRef = 03109EC212AD48D0008B6DF7 /* SimpleAudioEngine.m */; };
		03109F4912AD48D0008B6DF7 /* bm_font.mm in Sources */ = {isa = PBXBuildFile; fileRef = 03109EC612AD48D0008B6DF7 /* bm_font.mm */; };
		03109F4A12AD48D0008B6DF7 /* OBJCTexture2D.mm in Sources */ = {isa = PBXBuildFile; fileRef = 03109ECA12AD48D0008B6DF7 /* OBJCTexture2D.mm */; };
		03109F4B12AD48D0008B6DF7 /* ParticleEmitter.mm in Sources */ = {isa = PBXBuildFile; fileRef = 03109ECD12AD48D0008B6DF7 /* ParticleEmitter.mm */; };
		03109F4C12AD48D0008B6DF7 /* TBXMLParticleAdditions.m in Sources */ = {isa = PBXBuildFile; fileRef = 03109ECF12AD48D0008B6DF7 /* TBXMLParticleAdditions.m */; };
		03109F4D12AD48D0008B6DF7 /* NSDataAdditions.m in Sources */ = {isa = PBXBuildFile; fileRef = 03109ED312AD48D0008B6DF7 /* NSDataAdditions.m */; };
		03109F4E12AD48D0008B6DF7 /* TBXML.m in Sources */ = {isa = PBXBuildFile; fileRef = 03109ED512AD48D0008B6DF7 /* TBXML.m */; };
		03109F4F12AD48D0008B6DF7 /* RenderDevice.mm in Sources */ = {isa = PBXBuildFile; fileRef = 03109ED712AD48D0008B6DF7 /* RenderDevice.mm */; };
		03109F5012AD48D0008B6DF7 /* image_DXT.mm in Sources */ = {isa = PBXBuildFile; fileRef = 03109EDA12AD48D0008B6DF7 /* image_DXT.mm */; };
		03109F5112AD48D0008B6DF7 /* image_helper.mm in Sources */ = {isa = PBXBuildFile; fileRef = 03109EDC12AD48D0008B6DF7 /* image_helper.mm */; };
		03109F5212AD48D0008B6DF7 /* SOIL.mm in Sources */ = {isa = PBXBuildFile; fileRef = 03109EDE12AD48D0008B6DF7 /* SOIL.mm */; };
		03109F5312AD48D0008B6DF7 /* stb_image_aug.mm in Sources */ = {isa = PBXBuildFile; fileRef = 03109EE012AD48D0008B6DF7 /* stb_image_aug.mm */; };
		03109F5412AD48D0008B6DF7 /* Texture2D.mm in Sources */ = {isa = PBXBuildFile; fileRef = 03109EE412AD48D0008B6DF7 /* Texture2D.mm */; };
		03109F5512AD48D0008B6DF7 /* TexturedQuad.mm in Sources */ = {isa = PBXBuildFile; fileRef = 03109EE612AD48D0008B6DF7 /* TexturedQuad.mm */; };
		03109F5612AD48D0008B6DF7 /* InputDevice.mm in Sources */ = {isa = PBXBuildFile; fileRef = 03109EE912AD48D0008B6DF7 /* InputDevice.mm */; };
		03109F5712AD48D0008B6DF7 /* EAGLView.mm in Sources */ = {isa = PBXBuildFile; fileRef = 03109EED12AD48D0008B6DF7 /* EAGLView.mm */; };
		03109F5812AD48D0008B6DF7 /* FacebookSubmitController.m in Sources */ = {isa = PBXBuildFile; fileRef = 03109EF012AD48D0008B6DF7 /* FacebookSubmitController.m */; };
		03109F5912AD48D0008B6DF7 /* FacebookSubmitController.xib in Resources */ = {isa = PBXBuildFile; fileRef = 03109EF112AD48D0008B6DF7 /* FacebookSubmitController.xib */; };
		03109F5A12AD48D0008B6DF7 /* Facebook.m in Sources */ = {isa = PBXBuildFile; fileRef = 03109EF412AD48D0008B6DF7 /* Facebook.m */; };
		03109F5B12AD48D0008B6DF7 /* FBDialog.bundle in Resources */ = {isa = PBXBuildFile; fileRef = 03109EF612AD48D0008B6DF7 /* FBDialog.bundle */; };
		03109F5C12AD48D0008B6DF7 /* FBDialog.m in Sources */ = {isa = PBXBuildFile; fileRef = 03109EF812AD48D0008B6DF7 /* FBDialog.m */; };
		03109F5D12AD48D0008B6DF7 /* FBLoginDialog.m in Sources */ = {isa = PBXBuildFile; fileRef = 03109EFA12AD48D0008B6DF7 /* FBLoginDialog.m */; };
		03109F5E12AD48D0008B6DF7 /* FBRequest.m in Sources */ = {isa = PBXBuildFile; fileRef = 03109EFC12AD48D0008B6DF7 /* FBRequest.m */; };
		03109F5F12AD48D0008B6DF7 /* NSObject+SBJSON.m in Sources */ = {isa = PBXBuildFile; fileRef = 03109F0012AD48D0008B6DF7 /* NSObject+SBJSON.m */; };
		03109F6012AD48D0008B6DF7 /* NSString+SBJSON.m in Sources */ = {isa = PBXBuildFile; fileRef = 03109F0212AD48D0008B6DF7 /* NSString+SBJSON.m */; };
		03109F6112AD48D0008B6DF7 /* SBJSON.m in Sources */ = {isa = PBXBuildFile; fileRef = 03109F0412AD48D0008B6DF7 /* SBJSON.m */; };
		03109F6212AD48D0008B6DF7 /* SBJsonBase.m in Sources */ = {isa = PBXBuildFile; fileRef = 03109F0612AD48D0008B6DF7 /* SBJsonBase.m */; };
		03109F6312AD48D0008B6DF7 /* SBJsonParser.m in Sources */ = {isa = PBXBuildFile; fileRef = 03109F0812AD48D0008B6DF7 /* SBJsonParser.m */; };
		03109F6412AD48D0008B6DF7 /* SBJsonWriter.m in Sources */ = {isa = PBXBuildFile; fileRef = 03109F0A12AD48D0008B6DF7 /* SBJsonWriter.m */; };
		03109F6512AD48D0008B6DF7 /* GameCenterManager.m in Sources */ = {isa = PBXBuildFile; fileRef = 03109F0C12AD48D0008B6DF7 /* GameCenterManager.m */; };
		03109F6612AD48D0008B6DF7 /* MainViewController.mm in Sources */ = {isa = PBXBuildFile; fileRef = 03109F0F12AD48D0008B6DF7 /* MainViewController.mm */; };
		03109F6712AD48D0008B6DF7 /* MainViewController_landscape.xib in Resources */ = {isa = PBXBuildFile; fileRef = 03109F1012AD48D0008B6DF7 /* MainViewController_landscape.xib */; };
		03109F6812AD48D0008B6DF7 /* MainViewController_portrait.xib in Resources */ = {isa = PBXBuildFile; fileRef = 03109F1112AD48D0008B6DF7 /* MainViewController_portrait.xib */; };
		03109F6912AD48D0008B6DF7 /* MainWindow.xib in Resources */ = {isa = PBXBuildFile; fileRef = 03109F1212AD48D0008B6DF7 /* MainWindow.xib */; };
		03109F6A12AD48D0008B6DF7 /* MKStoreManager.m in Sources */ = {isa = PBXBuildFile; fileRef = 03109F1512AD48D0008B6DF7 /* MKStoreManager.m */; };
		03109F6B12AD48D0008B6DF7 /* MKStoreObserver.m in Sources */ = {isa = PBXBuildFile; fileRef = 03109F1712AD48D0008B6DF7 /* MKStoreObserver.m */; };
		03109F6C12AD48D0008B6DF7 /* MXAppDelegate.mm in Sources */ = {isa = PBXBuildFile; fileRef = 03109F1912AD48D0008B6DF7 /* MXAppDelegate.mm */; };
		03109F6D12AD48D0008B6DF7 /* RenderableManager.mm in Sources */ = {isa = PBXBuildFile; fileRef = 03109F1C12AD48D0008B6DF7 /* RenderableManager.mm */; };
		03109F6E12AD48D0008B6DF7 /* TextureManager.mm in Sources */ = {isa = PBXBuildFile; fileRef = 03109F1E12AD48D0008B6DF7 /* TextureManager.mm */; };
		03109F6F12AD48D0008B6DF7 /* Scene.mm in Sources */ = {isa = PBXBuildFile; fileRef = 03109F2112AD48D0008B6DF7 /* Scene.mm */; };
		03109F7012AD48D0008B6DF7 /* Timer.mm in Sources */ = {isa = PBXBuildFile; fileRef = 03109F2412AD48D0008B6DF7 /* Timer.mm */; };
		03109F7112AD48D0008B6DF7 /* util.cpp in Sources */ = {isa = PBXBuildFile; fileRef = 03109F2512AD48D0008B6DF7 /* util.cpp */; };
		03109F7212AD48D0008B6DF7 /* ActionSystem.mm in Sources */ = {isa = PBXBuildFile; fileRef = 03109F2B12AD48D0008B6DF7 /* ActionSystem.mm */; };
		03109F7312AD48D0008B6DF7 /* AnimationSystem.mm in Sources */ = {isa = PBXBuildFile; fileRef = 03109F2E12AD48D0008B6DF7 /* AnimationSystem.mm */; };
		03109F7412AD48D0008B6DF7 /* AttachmentSystem.mm in Sources */ = {isa = PBXBuildFile; fileRef = 03109F3112AD48D0008B6DF7 /* AttachmentSystem.mm */; };
		03109F7512AD48D0008B6DF7 /* CorpseRetrievalSystem.mm in Sources */ = {isa = PBXBuildFile; fileRef = 03109F3412AD48D0008B6DF7 /* CorpseRetrievalSystem.mm */; };
		03109F7612AD48D0008B6DF7 /* MovementSystem.mm in Sources */ = {isa = PBXBuildFile; fileRef = 03109F3712AD48D0008B6DF7 /* MovementSystem.mm */; };
		03109F7712AD48D0008B6DF7 /* ParticleSystem.mm in Sources */ = {isa = PBXBuildFile; fileRef = 03109F3A12AD48D0008B6DF7 /* ParticleSystem.mm */; };
		03109F7812AD48D0008B6DF7 /* RenderSystem.mm in Sources */ = {isa = PBXBuildFile; fileRef = 03109F3D12AD48D0008B6DF7 /* RenderSystem.mm */; };
		03109F7912AD48D0008B6DF7 /* SoundSystem.mm in Sources */ = {isa = PBXBuildFile; fileRef = 03109F4012AD48D0008B6DF7 /* SoundSystem.mm */; };
		03109FDA12AD4E8F008B6DF7 /* MinyxStoreViewController.m in Sources */ = {isa = PBXBuildFile; fileRef = 03109FD812AD4E8F008B6DF7 /* MinyxStoreViewController.m */; };
		03109FDB12AD4E8F008B6DF7 /* MinyxStoreViewController.xib in Resources */ = {isa = PBXBuildFile; fileRef = 03109FD912AD4E8F008B6DF7 /* MinyxStoreViewController.xib */; };
		0310A02D12AD551A008B6DF7 /* moneyyy.jpg in Resources */ = {isa = PBXBuildFile; fileRef = 0310A02C12AD551A008B6DF7 /* moneyyy.jpg */; };
		0310A0C712AD64FB008B6DF7 /* orange.png in Resources */ = {isa = PBXBuildFile; fileRef = 0310A0C112AD64FB008B6DF7 /* orange.png */; };
		0310A0C812AD64FB008B6DF7 /* apple.png in Resources */ = {isa = PBXBuildFile; fileRef = 0310A0C212AD64FB008B6DF7 /* apple.png */; };
		0310A0C912AD64FB008B6DF7 /* banana.png in Resources */ = {isa = PBXBuildFile; fileRef = 0310A0C312AD64FB008B6DF7 /* banana.png */; };
		0310A0CA12AD64FB008B6DF7 /* grapes.png in Resources */ = {isa = PBXBuildFile; fileRef = 0310A0C412AD64FB008B6DF7 /* grapes.png */; };
		0310A0CB12AD64FB008B6DF7 /* lemon2.png in Resources */ = {isa = PBXBuildFile; fileRef = 0310A0C512AD64FB008B6DF7 /* lemon2.png */; };
		0310A0CC12AD64FB008B6DF7 /* lemon.png in Resources */ = {isa = PBXBuildFile; fileRef = 0310A0C612AD64FB008B6DF7 /* lemon.png */; };
		0310A11612AD6904008B6DF7 /* fruits.png in Resources */ = {isa = PBXBuildFile; fileRef = 0310A11512AD6904008B6DF7 /* fruits.png */; };
		0310A17912AD73AC008B6DF7 /* combo1.m4a in Resources */ = {isa = PBXBuildFile; fileRef = 0310A17412AD73AC008B6DF7 /* combo1.m4a */; };
		0310A17A12AD73AC008B6DF7 /* combo2.m4a in Resources */ = {isa = PBXBuildFile; fileRef = 0310A17512AD73AC008B6DF7 /* combo2.m4a */; };
		0310A17B12AD73AC008B6DF7 /* combo3.m4a in Resources */ = {isa = PBXBuildFile; fileRef = 0310A17612AD73AC008B6DF7 /* combo3.m4a */; };
		0310A17C12AD73AC008B6DF7 /* combo4.m4a in Resources */ = {isa = PBXBuildFile; fileRef = 0310A17712AD73AC008B6DF7 /* combo4.m4a */; };
		0310A17D12AD73AC008B6DF7 /* combo5.m4a in Resources */ = {isa = PBXBuildFile; fileRef = 0310A17812AD73AC008B6DF7 /* combo5.m4a */; };
		03275A3112AD7B1000B4CF98 /* fuck5.mp3 in Resources */ = {isa = PBXBuildFile; fileRef = 03275A2C12AD7B1000B4CF98 /* fuck5.mp3 */; };
		03275A3212AD7B1000B4CF98 /* fuck4.mp3 in Resources */ = {isa = PBXBuildFile; fileRef = 03275A2D12AD7B1000B4CF98 /* fuck4.mp3 */; };
		03275A3312AD7B1000B4CF98 /* fuck3.mp3 in Resources */ = {isa = PBXBuildFile; fileRef = 03275A2E12AD7B1000B4CF98 /* fuck3.mp3 */; };
		03275A3412AD7B1000B4CF98 /* fuck2.mp3 in Resources */ = {isa = PBXBuildFile; fileRef = 03275A2F12AD7B1000B4CF98 /* fuck2.mp3 */; };
		03275A3512AD7B1000B4CF98 /* fuck1.mp3 in Resources */ = {isa = PBXBuildFile; fileRef = 03275A3012AD7B1000B4CF98 /* fuck1.mp3 */; };
		032A173D12AC56000046B89E /* GameKit.framework in Frameworks */ = {isa = PBXBuildFile; fileRef = 032A173C12AC56000046B89E /* GameKit.framework */; };
		039968D012A8243300D0C56D /* globals.mm in Sources */ = {isa = PBXBuildFile; fileRef = 039968B512A8243300D0C56D /* globals.mm */; };
		039968D112A8243300D0C56D /* Game.mm in Sources */ = {isa = PBXBuildFile; fileRef = 039968B812A8243300D0C56D /* Game.mm */; };
		039968D212A8243300D0C56D /* GameScene.mm in Sources */ = {isa = PBXBuildFile; fileRef = 039968BB12A8243300D0C56D /* GameScene.mm */; };
		039968D312A8243300D0C56D /* GameComponents.mm in Sources */ = {isa = PBXBuildFile; fileRef = 039968BF12A8243300D0C56D /* GameComponents.mm */; };
		039968D412A8243300D0C56D /* GameBoardSystem.mm in Sources */ = {isa = PBXBuildFile; fileRef = 039968C312A8243300D0C56D /* GameBoardSystem.mm */; };
		039968D512A8243300D0C56D /* PlayerControlledSystem.mm in Sources */ = {isa = PBXBuildFile; fileRef = 039968C612A8243300D0C56D /* PlayerControlledSystem.mm */; };
		039968D612A8243300D0C56D /* GameLogicSystem.mm in Sources */ = {isa = PBXBuildFile; fileRef = 039968C912A8243300D0C56D /* GameLogicSystem.mm */; };
		039968D712A8243300D0C56D /* HUDSystem.mm in Sources */ = {isa = PBXBuildFile; fileRef = 039968CC12A8243300D0C56D /* HUDSystem.mm */; };
		039968D812A8243300D0C56D /* AppController.mm in Sources */ = {isa = PBXBuildFile; fileRef = 039968CE12A8243300D0C56D /* AppController.mm */; };
		039968E212A8245300D0C56D /* back.png in Resources */ = {isa = PBXBuildFile; fileRef = 039968DF12A8245300D0C56D /* back.png */; };
		039968E312A8245300D0C56D /* zomg.fnt in Resources */ = {isa = PBXBuildFile; fileRef = 039968E012A8245300D0C56D /* zomg.fnt */; };
		039968E412A8245300D0C56D /* zomg.png in Resources */ = {isa = PBXBuildFile; fileRef = 039968E112A8245300D0C56D /* zomg.png */; };
		0399695312A824CA00D0C56D /* AVFoundation.framework in Frameworks */ = {isa = PBXBuildFile; fileRef = 0399694D12A824CA00D0C56D /* AVFoundation.framework */; };
		0399695412A824CA00D0C56D /* OpenAL.framework in Frameworks */ = {isa = PBXBuildFile; fileRef = 0399694E12A824CA00D0C56D /* OpenAL.framework */; };
		0399695512A824CA00D0C56D /* OpenGLES.framework in Frameworks */ = {isa = PBXBuildFile; fileRef = 0399694F12A824CA00D0C56D /* OpenGLES.framework */; };
		0399695612A824CA00D0C56D /* QuartzCore.framework in Frameworks */ = {isa = PBXBuildFile; fileRef = 0399695012A824CA00D0C56D /* QuartzCore.framework */; };
		0399695712A824CA00D0C56D /* libz.dylib in Frameworks */ = {isa = PBXBuildFile; fileRef = 0399695112A824CA00D0C56D /* libz.dylib */; };
		0399695812A824CA00D0C56D /* AudioToolbox.framework in Frameworks */ = {isa = PBXBuildFile; fileRef = 0399695212A824CA00D0C56D /* AudioToolbox.framework */; };
		0399698512A828C700D0C56D /* banana40.png in Resources */ = {isa = PBXBuildFile; fileRef = 0399697E12A828C700D0C56D /* banana40.png */; };
		0399698612A828C700D0C56D /* bug40.png in Resources */ = {isa = PBXBuildFile; fileRef = 0399697F12A828C700D0C56D /* bug40.png */; };
		0399698712A828C700D0C56D /* clock.png in Resources */ = {isa = PBXBuildFile; fileRef = 0399698012A828C700D0C56D /* clock.png */; };
		0399698812A828C700D0C56D /* grapes40.png in Resources */ = {isa = PBXBuildFile; fileRef = 0399698112A828C700D0C56D /* grapes40.png */; };
		0399698912A828C700D0C56D /* lemon40.png in Resources */ = {isa = PBXBuildFile; fileRef = 0399698212A828C700D0C56D /* lemon40.png */; };
		0399698A12A828C700D0C56D /* orange40.png in Resources */ = {isa = PBXBuildFile; fileRef = 0399698312A828C700D0C56D /* orange40.png */; };
		0399698B12A828C700D0C56D /* pause.png in Resources */ = {isa = PBXBuildFile; fileRef = 0399698412A828C700D0C56D /* pause.png */; };
		0399698E12A855B400D0C56D /* Fruit.mm in Sources */ = {isa = PBXBuildFile; fileRef = 0399698D12A855B400D0C56D /* Fruit.mm */; };
		03996BCA12A8770200D0C56D /* marker.pex in Resources */ = {isa = PBXBuildFile; fileRef = 03996BC912A8770200D0C56D /* marker.pex */; };
		03996C0B12A87C5500D0C56D /* stars.pex in Resources */ = {isa = PBXBuildFile; fileRef = 03996C0A12A87C5500D0C56D /* stars.pex */; };
		03ABF17812AA627600320143 /* goldstars.pex in Resources */ = {isa = PBXBuildFile; fileRef = 03ABF17712AA627600320143 /* goldstars.pex */; };
		03ABF18312AA636600320143 /* goldstar2.pex in Resources */ = {isa = PBXBuildFile; fileRef = 03ABF18212AA636600320143 /* goldstar2.pex */; };
		03ABF1FF12AA869900320143 /* Time_Up.mp3 in Resources */ = {isa = PBXBuildFile; fileRef = 03ABF1FE12AA869900320143 /* Time_Up.mp3 */; };
		03ABF21F12AA886F00320143 /* Go.mp3 in Resources */ = {isa = PBXBuildFile; fileRef = 03ABF21D12AA886F00320143 /* Go.mp3 */; };
		03ABF22012AA886F00320143 /* Get_ready.mp3 in Resources */ = {isa = PBXBuildFile; fileRef = 03ABF21E12AA886F00320143 /* Get_ready.mp3 */; };
		03ABF23A12AA89D100320143 /* Game_Over.mp3 in Resources */ = {isa = PBXBuildFile; fileRef = 03ABF23912AA89D100320143 /* Game_Over.mp3 */; };
		03ABF23D12AA8A0800320143 /* gemongem2.mp3 in Resources */ = {isa = PBXBuildFile; fileRef = 03ABF23C12AA8A0800320143 /* gemongem2.mp3 */; };
		03ABF26112AA8B5D00320143 /* combo32.mp3 in Resources */ = {isa = PBXBuildFile; fileRef = 03ABF26012AA8B5D00320143 /* combo32.mp3 */; };
		03ABF27112AA8C0800320143 /* combo72.mp3 in Resources */ = {isa = PBXBuildFile; fileRef = 03ABF26D12AA8C0800320143 /* combo72.mp3 */; };
		03ABF27212AA8C0800320143 /* combo62.mp3 in Resources */ = {isa = PBXBuildFile; fileRef = 03ABF26E12AA8C0800320143 /* combo62.mp3 */; };
		03ABF27312AA8C0800320143 /* combo52.mp3 in Resources */ = {isa = PBXBuildFile; fileRef = 03ABF26F12AA8C0800320143 /* combo52.mp3 */; };
		03ABF27412AA8C0800320143 /* combo42.mp3 in Resources */ = {isa = PBXBuildFile; fileRef = 03ABF27012AA8C0800320143 /* combo42.mp3 */; };
		03ABF29B12AA8EC300320143 /* excellent1.mp3 in Resources */ = {isa = PBXBuildFile; fileRef = 03ABF29A12AA8EC300320143 /* excellent1.mp3 */; };
		03ABF29D12AA8EEB00320143 /* Good.mp3 in Resources */ = {isa = PBXBuildFile; fileRef = 03ABF29C12AA8EEB00320143 /* Good.mp3 */; };
		03ABF29F12AA8F0300320143 /* gotset2.mp3 in Resources */ = {isa = PBXBuildFile; fileRef = 03ABF29E12AA8F0300320143 /* gotset2.mp3 */; };
		03ABF2A112AA8F1500320143 /* Incredible.mp3 in Resources */ = {isa = PBXBuildFile; fileRef = 03ABF2A012AA8F1500320143 /* Incredible.mp3 */; };
		03ABF2CE12AAA48D00320143 /* menu.mp3 in Resources */ = {isa = PBXBuildFile; fileRef = 03ABF2CD12AAA48D00320143 /* menu.mp3 */; };
		03ABF2D612AAA5EB00320143 /* timed.mp3 in Resources */ = {isa = PBXBuildFile; fileRef = 03ABF2D512AAA5EB00320143 /* timed.mp3 */; };
		03ABF2D812AAA5F000320143 /* endless.mp3 in Resources */ = {isa = PBXBuildFile; fileRef = 03ABF2D712AAA5F000320143 /* endless.mp3 */; };
		03ABF3E412AABAFB00320143 /* strawberry.png in Resources */ = {isa = PBXBuildFile; fileRef = 03ABF3E312AABAFB00320143 /* strawberry.png */; };
		03ABF46E12AAC7F900320143 /* Icon.png in Resources */ = {isa = PBXBuildFile; fileRef = 03ABF46D12AAC7F900320143 /* Icon.png */; };
		1D60589B0D05DD56006BFB54 /* main.m in Sources */ = {isa = PBXBuildFile; fileRef = 29B97316FDCFA39411CA2CEA /* main.m */; };
		1D60589F0D05DD5A006BFB54 /* Foundation.framework in Frameworks */ = {isa = PBXBuildFile; fileRef = 1D30AB110D05D00D00671497 /* Foundation.framework */; };
		1DF5F4E00D08C38300B7A737 /* UIKit.framework in Frameworks */ = {isa = PBXBuildFile; fileRef = 1DF5F4DF0D08C38300B7A737 /* UIKit.framework */; };
		288765FD0DF74451002DB57D /* CoreGraphics.framework in Frameworks */ = {isa = PBXBuildFile; fileRef = 288765FC0DF74451002DB57D /* CoreGraphics.framework */; };
/* End PBXBuildFile section */

/* Begin PBXFileReference section */
		030625F312A9022700325249 /* MainViewController_fmunch.xib */ = {isa = PBXFileReference; lastKnownFileType = file.xib; name = MainViewController_fmunch.xib; path = ../../Resources/MainViewController_fmunch.xib; sourceTree = "<group>"; };
		0306261412A9058400325249 /* MenuScene.h */ = {isa = PBXFileReference; fileEncoding = 4; lastKnownFileType = sourcecode.c.h; path = MenuScene.h; sourceTree = "<group>"; };
		0306261512A9058400325249 /* MenuScene.mm */ = {isa = PBXFileReference; fileEncoding = 4; lastKnownFileType = sourcecode.cpp.objcpp; path = MenuScene.mm; sourceTree = "<group>"; };
		03109E8B12AD4667008B6DF7 /* StoreKit.framework */ = {isa = PBXFileReference; lastKnownFileType = wrapper.framework; name = StoreKit.framework; path = System/Library/Frameworks/StoreKit.framework; sourceTree = SDKROOT; };
		03109EAE12AD48D0008B6DF7 /* Component.h */ = {isa = PBXFileReference; fileEncoding = 4; lastKnownFileType = sourcecode.c.h; path = Component.h; sourceTree = "<group>"; };
		03109EAF12AD48D0008B6DF7 /* Component.mm */ = {isa = PBXFileReference; fileEncoding = 4; lastKnownFileType = sourcecode.cpp.objcpp; path = Component.mm; sourceTree = "<group>"; };
		03109EB012AD48D0008B6DF7 /* ComponentV3.h */ = {isa = PBXFileReference; fileEncoding = 4; lastKnownFileType = sourcecode.c.h; path = ComponentV3.h; sourceTree = "<group>"; };
		03109EB212AD48D0008B6DF7 /* Entity.h */ = {isa = PBXFileReference; fileEncoding = 4; lastKnownFileType = sourcecode.c.h; path = Entity.h; sourceTree = "<group>"; };
		03109EB312AD48D0008B6DF7 /* Entity.mm */ = {isa = PBXFileReference; fileEncoding = 4; lastKnownFileType = sourcecode.cpp.objcpp; path = Entity.mm; sourceTree = "<group>"; };
		03109EB512AD48D0008B6DF7 /* EntityManager.h */ = {isa = PBXFileReference; fileEncoding = 4; lastKnownFileType = sourcecode.c.h; path = EntityManager.h; sourceTree = "<group>"; };
		03109EB612AD48D0008B6DF7 /* EntityManager.mm */ = {isa = PBXFileReference; fileEncoding = 4; lastKnownFileType = sourcecode.cpp.objcpp; path = EntityManager.mm; sourceTree = "<group>"; };
		03109EBA12AD48D0008B6DF7 /* CDAudioManager.h */ = {isa = PBXFileReference; fileEncoding = 4; lastKnownFileType = sourcecode.c.h; path = CDAudioManager.h; sourceTree = "<group>"; };
		03109EBB12AD48D0008B6DF7 /* CDAudioManager.m */ = {isa = PBXFileReference; fileEncoding = 4; lastKnownFileType = sourcecode.c.objc; path = CDAudioManager.m; sourceTree = "<group>"; };
		03109EBC12AD48D0008B6DF7 /* CDConfig.h */ = {isa = PBXFileReference; fileEncoding = 4; lastKnownFileType = sourcecode.c.h; path = CDConfig.h; sourceTree = "<group>"; };
		03109EBD12AD48D0008B6DF7 /* CDOpenALSupport.h */ = {isa = PBXFileReference; fileEncoding = 4; lastKnownFileType = sourcecode.c.h; path = CDOpenALSupport.h; sourceTree = "<group>"; };
		03109EBE12AD48D0008B6DF7 /* CDOpenALSupport.m */ = {isa = PBXFileReference; fileEncoding = 4; lastKnownFileType = sourcecode.c.objc; path = CDOpenALSupport.m; sourceTree = "<group>"; };
		03109EBF12AD48D0008B6DF7 /* CocosDenshion.h */ = {isa = PBXFileReference; fileEncoding = 4; lastKnownFileType = sourcecode.c.h; path = CocosDenshion.h; sourceTree = "<group>"; };
		03109EC012AD48D0008B6DF7 /* CocosDenshion.m */ = {isa = PBXFileReference; fileEncoding = 4; lastKnownFileType = sourcecode.c.objc; path = CocosDenshion.m; sourceTree = "<group>"; };
		03109EC112AD48D0008B6DF7 /* SimpleAudioEngine.h */ = {isa = PBXFileReference; fileEncoding = 4; lastKnownFileType = sourcecode.c.h; path = SimpleAudioEngine.h; sourceTree = "<group>"; };
		03109EC212AD48D0008B6DF7 /* SimpleAudioEngine.m */ = {isa = PBXFileReference; fileEncoding = 4; lastKnownFileType = sourcecode.c.objc; path = SimpleAudioEngine.m; sourceTree = "<group>"; };
		03109EC512AD48D0008B6DF7 /* bm_font.h */ = {isa = PBXFileReference; fileEncoding = 4; lastKnownFileType = sourcecode.c.h; path = bm_font.h; sourceTree = "<group>"; };
		03109EC612AD48D0008B6DF7 /* bm_font.mm */ = {isa = PBXFileReference; fileEncoding = 4; lastKnownFileType = sourcecode.cpp.objcpp; path = bm_font.mm; sourceTree = "<group>"; };
		03109EC812AD48D0008B6DF7 /* Global.h */ = {isa = PBXFileReference; fileEncoding = 4; lastKnownFileType = sourcecode.c.h; path = Global.h; sourceTree = "<group>"; };
		03109EC912AD48D0008B6DF7 /* OBJCTexture2D.h */ = {isa = PBXFileReference; fileEncoding = 4; lastKnownFileType = sourcecode.c.h; path = OBJCTexture2D.h; sourceTree = "<group>"; };
		03109ECA12AD48D0008B6DF7 /* OBJCTexture2D.mm */ = {isa = PBXFileReference; fileEncoding = 4; lastKnownFileType = sourcecode.cpp.objcpp; path = OBJCTexture2D.mm; sourceTree = "<group>"; };
		03109ECC12AD48D0008B6DF7 /* ParticleEmitter.h */ = {isa = PBXFileReference; fileEncoding = 4; lastKnownFileType = sourcecode.c.h; path = ParticleEmitter.h; sourceTree = "<group>"; };
		03109ECD12AD48D0008B6DF7 /* ParticleEmitter.mm */ = {isa = PBXFileReference; fileEncoding = 4; lastKnownFileType = sourcecode.cpp.objcpp; path = ParticleEmitter.mm; sourceTree = "<group>"; };
		03109ECE12AD48D0008B6DF7 /* TBXMLParticleAdditions.h */ = {isa = PBXFileReference; fileEncoding = 4; lastKnownFileType = sourcecode.c.h; path = TBXMLParticleAdditions.h; sourceTree = "<group>"; };
		03109ECF12AD48D0008B6DF7 /* TBXMLParticleAdditions.m */ = {isa = PBXFileReference; fileEncoding = 4; lastKnownFileType = sourcecode.c.objc; path = TBXMLParticleAdditions.m; sourceTree = "<group>"; };
		03109ED012AD48D0008B6DF7 /* Structures.h */ = {isa = PBXFileReference; fileEncoding = 4; lastKnownFileType = sourcecode.c.h; path = Structures.h; sourceTree = "<group>"; };
		03109ED212AD48D0008B6DF7 /* NSDataAdditions.h */ = {isa = PBXFileReference; fileEncoding = 4; lastKnownFileType = sourcecode.c.h; path = NSDataAdditions.h; sourceTree = "<group>"; };
		03109ED312AD48D0008B6DF7 /* NSDataAdditions.m */ = {isa = PBXFileReference; fileEncoding = 4; lastKnownFileType = sourcecode.c.objc; path = NSDataAdditions.m; sourceTree = "<group>"; };
		03109ED412AD48D0008B6DF7 /* TBXML.h */ = {isa = PBXFileReference; fileEncoding = 4; lastKnownFileType = sourcecode.c.h; path = TBXML.h; sourceTree = "<group>"; };
		03109ED512AD48D0008B6DF7 /* TBXML.m */ = {isa = PBXFileReference; fileEncoding = 4; lastKnownFileType = sourcecode.c.objc; path = TBXML.m; sourceTree = "<group>"; };
		03109ED612AD48D0008B6DF7 /* RenderDevice.h */ = {isa = PBXFileReference; fileEncoding = 4; lastKnownFileType = sourcecode.c.h; path = RenderDevice.h; sourceTree = "<group>"; };
		03109ED712AD48D0008B6DF7 /* RenderDevice.mm */ = {isa = PBXFileReference; fileEncoding = 4; lastKnownFileType = sourcecode.cpp.objcpp; path = RenderDevice.mm; sourceTree = "<group>"; };
		03109ED912AD48D0008B6DF7 /* image_DXT.h */ = {isa = PBXFileReference; fileEncoding = 4; lastKnownFileType = sourcecode.c.h; path = image_DXT.h; sourceTree = "<group>"; };
		03109EDA12AD48D0008B6DF7 /* image_DXT.mm */ = {isa = PBXFileReference; fileEncoding = 4; lastKnownFileType = sourcecode.cpp.objcpp; path = image_DXT.mm; sourceTree = "<group>"; };
		03109EDB12AD48D0008B6DF7 /* image_helper.h */ = {isa = PBXFileReference; fileEncoding = 4; lastKnownFileType = sourcecode.c.h; path = image_helper.h; sourceTree = "<group>"; };
		03109EDC12AD48D0008B6DF7 /* image_helper.mm */ = {isa = PBXFileReference; fileEncoding = 4; lastKnownFileType = sourcecode.cpp.objcpp; path = image_helper.mm; sourceTree = "<group>"; };
		03109EDD12AD48D0008B6DF7 /* SOIL.h */ = {isa = PBXFileReference; fileEncoding = 4; lastKnownFileType = sourcecode.c.h; path = SOIL.h; sourceTree = "<group>"; };
		03109EDE12AD48D0008B6DF7 /* SOIL.mm */ = {isa = PBXFileReference; fileEncoding = 4; lastKnownFileType = sourcecode.cpp.objcpp; path = SOIL.mm; sourceTree = "<group>"; };
		03109EDF12AD48D0008B6DF7 /* stb_image_aug.h */ = {isa = PBXFileReference; fileEncoding = 4; lastKnownFileType = sourcecode.c.h; path = stb_image_aug.h; sourceTree = "<group>"; };
		03109EE012AD48D0008B6DF7 /* stb_image_aug.mm */ = {isa = PBXFileReference; fileEncoding = 4; lastKnownFileType = sourcecode.cpp.objcpp; path = stb_image_aug.mm; sourceTree = "<group>"; };
		03109EE112AD48D0008B6DF7 /* stbi_DDS_aug.h */ = {isa = PBXFileReference; fileEncoding = 4; lastKnownFileType = sourcecode.c.h; path = stbi_DDS_aug.h; sourceTree = "<group>"; };
		03109EE212AD48D0008B6DF7 /* stbi_DDS_aug_c.h */ = {isa = PBXFileReference; fileEncoding = 4; lastKnownFileType = sourcecode.c.h; path = stbi_DDS_aug_c.h; sourceTree = "<group>"; };
		03109EE312AD48D0008B6DF7 /* Texture2D.h */ = {isa = PBXFileReference; fileEncoding = 4; lastKnownFileType = sourcecode.c.h; path = Texture2D.h; sourceTree = "<group>"; };
		03109EE412AD48D0008B6DF7 /* Texture2D.mm */ = {isa = PBXFileReference; fileEncoding = 4; lastKnownFileType = sourcecode.cpp.objcpp; path = Texture2D.mm; sourceTree = "<group>"; };
		03109EE512AD48D0008B6DF7 /* TexturedQuad.h */ = {isa = PBXFileReference; fileEncoding = 4; lastKnownFileType = sourcecode.c.h; path = TexturedQuad.h; sourceTree = "<group>"; };
		03109EE612AD48D0008B6DF7 /* TexturedQuad.mm */ = {isa = PBXFileReference; fileEncoding = 4; lastKnownFileType = sourcecode.cpp.objcpp; path = TexturedQuad.mm; sourceTree = "<group>"; };
		03109EE812AD48D0008B6DF7 /* InputDevice.h */ = {isa = PBXFileReference; fileEncoding = 4; lastKnownFileType = sourcecode.c.h; path = InputDevice.h; sourceTree = "<group>"; };
		03109EE912AD48D0008B6DF7 /* InputDevice.mm */ = {isa = PBXFileReference; fileEncoding = 4; lastKnownFileType = sourcecode.cpp.objcpp; path = InputDevice.mm; sourceTree = "<group>"; };
		03109EEC12AD48D0008B6DF7 /* EAGLView.h */ = {isa = PBXFileReference; fileEncoding = 4; lastKnownFileType = sourcecode.c.h; path = EAGLView.h; sourceTree = "<group>"; };
		03109EED12AD48D0008B6DF7 /* EAGLView.mm */ = {isa = PBXFileReference; fileEncoding = 4; lastKnownFileType = sourcecode.cpp.objcpp; path = EAGLView.mm; sourceTree = "<group>"; };
		03109EEF12AD48D0008B6DF7 /* FacebookSubmitController.h */ = {isa = PBXFileReference; fileEncoding = 4; lastKnownFileType = sourcecode.c.h; path = FacebookSubmitController.h; sourceTree = "<group>"; };
		03109EF012AD48D0008B6DF7 /* FacebookSubmitController.m */ = {isa = PBXFileReference; fileEncoding = 4; lastKnownFileType = sourcecode.c.objc; path = FacebookSubmitController.m; sourceTree = "<group>"; };
		03109EF112AD48D0008B6DF7 /* FacebookSubmitController.xib */ = {isa = PBXFileReference; lastKnownFileType = file.xib; path = FacebookSubmitController.xib; sourceTree = "<group>"; };
		03109EF312AD48D0008B6DF7 /* Facebook.h */ = {isa = PBXFileReference; fileEncoding = 4; lastKnownFileType = sourcecode.c.h; path = Facebook.h; sourceTree = "<group>"; };
		03109EF412AD48D0008B6DF7 /* Facebook.m */ = {isa = PBXFileReference; fileEncoding = 4; lastKnownFileType = sourcecode.c.objc; path = Facebook.m; sourceTree = "<group>"; };
		03109EF512AD48D0008B6DF7 /* FBConnect.h */ = {isa = PBXFileReference; fileEncoding = 4; lastKnownFileType = sourcecode.c.h; path = FBConnect.h; sourceTree = "<group>"; };
		03109EF612AD48D0008B6DF7 /* FBDialog.bundle */ = {isa = PBXFileReference; lastKnownFileType = "wrapper.plug-in"; path = FBDialog.bundle; sourceTree = "<group>"; };
		03109EF712AD48D0008B6DF7 /* FBDialog.h */ = {isa = PBXFileReference; fileEncoding = 4; lastKnownFileType = sourcecode.c.h; path = FBDialog.h; sourceTree = "<group>"; };
		03109EF812AD48D0008B6DF7 /* FBDialog.m */ = {isa = PBXFileReference; fileEncoding = 4; lastKnownFileType = sourcecode.c.objc; path = FBDialog.m; sourceTree = "<group>"; };
		03109EF912AD48D0008B6DF7 /* FBLoginDialog.h */ = {isa = PBXFileReference; fileEncoding = 4; lastKnownFileType = sourcecode.c.h; path = FBLoginDialog.h; sourceTree = "<group>"; };
		03109EFA12AD48D0008B6DF7 /* FBLoginDialog.m */ = {isa = PBXFileReference; fileEncoding = 4; lastKnownFileType = sourcecode.c.objc; path = FBLoginDialog.m; sourceTree = "<group>"; };
		03109EFB12AD48D0008B6DF7 /* FBRequest.h */ = {isa = PBXFileReference; fileEncoding = 4; lastKnownFileType = sourcecode.c.h; path = FBRequest.h; sourceTree = "<group>"; };
		03109EFC12AD48D0008B6DF7 /* FBRequest.m */ = {isa = PBXFileReference; fileEncoding = 4; lastKnownFileType = sourcecode.c.objc; path = FBRequest.m; sourceTree = "<group>"; };
		03109EFE12AD48D0008B6DF7 /* JSON.h */ = {isa = PBXFileReference; fileEncoding = 4; lastKnownFileType = sourcecode.c.h; path = JSON.h; sourceTree = "<group>"; };
		03109EFF12AD48D0008B6DF7 /* NSObject+SBJSON.h */ = {isa = PBXFileReference; fileEncoding = 4; lastKnownFileType = sourcecode.c.h; path = "NSObject+SBJSON.h"; sourceTree = "<group>"; };
		03109F0012AD48D0008B6DF7 /* NSObject+SBJSON.m */ = {isa = PBXFileReference; fileEncoding = 4; lastKnownFileType = sourcecode.c.objc; path = "NSObject+SBJSON.m"; sourceTree = "<group>"; };
		03109F0112AD48D0008B6DF7 /* NSString+SBJSON.h */ = {isa = PBXFileReference; fileEncoding = 4; lastKnownFileType = sourcecode.c.h; path = "NSString+SBJSON.h"; sourceTree = "<group>"; };
		03109F0212AD48D0008B6DF7 /* NSString+SBJSON.m */ = {isa = PBXFileReference; fileEncoding = 4; lastKnownFileType = sourcecode.c.objc; path = "NSString+SBJSON.m"; sourceTree = "<group>"; };
		03109F0312AD48D0008B6DF7 /* SBJSON.h */ = {isa = PBXFileReference; fileEncoding = 4; lastKnownFileType = sourcecode.c.h; path = SBJSON.h; sourceTree = "<group>"; };
		03109F0412AD48D0008B6DF7 /* SBJSON.m */ = {isa = PBXFileReference; fileEncoding = 4; lastKnownFileType = sourcecode.c.objc; path = SBJSON.m; sourceTree = "<group>"; };
		03109F0512AD48D0008B6DF7 /* SBJsonBase.h */ = {isa = PBXFileReference; fileEncoding = 4; lastKnownFileType = sourcecode.c.h; path = SBJsonBase.h; sourceTree = "<group>"; };
		03109F0612AD48D0008B6DF7 /* SBJsonBase.m */ = {isa = PBXFileReference; fileEncoding = 4; lastKnownFileType = sourcecode.c.objc; path = SBJsonBase.m; sourceTree = "<group>"; };
		03109F0712AD48D0008B6DF7 /* SBJsonParser.h */ = {isa = PBXFileReference; fileEncoding = 4; lastKnownFileType = sourcecode.c.h; path = SBJsonParser.h; sourceTree = "<group>"; };
		03109F0812AD48D0008B6DF7 /* SBJsonParser.m */ = {isa = PBXFileReference; fileEncoding = 4; lastKnownFileType = sourcecode.c.objc; path = SBJsonParser.m; sourceTree = "<group>"; };
		03109F0912AD48D0008B6DF7 /* SBJsonWriter.h */ = {isa = PBXFileReference; fileEncoding = 4; lastKnownFileType = sourcecode.c.h; path = SBJsonWriter.h; sourceTree = "<group>"; };
		03109F0A12AD48D0008B6DF7 /* SBJsonWriter.m */ = {isa = PBXFileReference; fileEncoding = 4; lastKnownFileType = sourcecode.c.objc; path = SBJsonWriter.m; sourceTree = "<group>"; };
		03109F0B12AD48D0008B6DF7 /* GameCenterManager.h */ = {isa = PBXFileReference; fileEncoding = 4; lastKnownFileType = sourcecode.c.h; path = GameCenterManager.h; sourceTree = "<group>"; };
		03109F0C12AD48D0008B6DF7 /* GameCenterManager.m */ = {isa = PBXFileReference; fileEncoding = 4; lastKnownFileType = sourcecode.c.objc; path = GameCenterManager.m; sourceTree = "<group>"; };
		03109F0E12AD48D0008B6DF7 /* MainViewController.h */ = {isa = PBXFileReference; fileEncoding = 4; lastKnownFileType = sourcecode.c.h; path = MainViewController.h; sourceTree = "<group>"; };
		03109F0F12AD48D0008B6DF7 /* MainViewController.mm */ = {isa = PBXFileReference; fileEncoding = 4; lastKnownFileType = sourcecode.cpp.objcpp; path = MainViewController.mm; sourceTree = "<group>"; };
		03109F1012AD48D0008B6DF7 /* MainViewController_landscape.xib */ = {isa = PBXFileReference; lastKnownFileType = file.xib; path = MainViewController_landscape.xib; sourceTree = "<group>"; };
		03109F1112AD48D0008B6DF7 /* MainViewController_portrait.xib */ = {isa = PBXFileReference; lastKnownFileType = file.xib; path = MainViewController_portrait.xib; sourceTree = "<group>"; };
		03109F1212AD48D0008B6DF7 /* MainWindow.xib */ = {isa = PBXFileReference; lastKnownFileType = file.xib; path = MainWindow.xib; sourceTree = "<group>"; };
		03109F1412AD48D0008B6DF7 /* MKStoreManager.h */ = {isa = PBXFileReference; fileEncoding = 4; lastKnownFileType = sourcecode.c.h; path = MKStoreManager.h; sourceTree = "<group>"; };
		03109F1512AD48D0008B6DF7 /* MKStoreManager.m */ = {isa = PBXFileReference; fileEncoding = 4; lastKnownFileType = sourcecode.c.objc; path = MKStoreManager.m; sourceTree = "<group>"; };
		03109F1612AD48D0008B6DF7 /* MKStoreObserver.h */ = {isa = PBXFileReference; fileEncoding = 4; lastKnownFileType = sourcecode.c.h; path = MKStoreObserver.h; sourceTree = "<group>"; };
		03109F1712AD48D0008B6DF7 /* MKStoreObserver.m */ = {isa = PBXFileReference; fileEncoding = 4; lastKnownFileType = sourcecode.c.objc; path = MKStoreObserver.m; sourceTree = "<group>"; };
		03109F1812AD48D0008B6DF7 /* MXAppDelegate.h */ = {isa = PBXFileReference; fileEncoding = 4; lastKnownFileType = sourcecode.c.h; path = MXAppDelegate.h; sourceTree = "<group>"; };
		03109F1912AD48D0008B6DF7 /* MXAppDelegate.mm */ = {isa = PBXFileReference; fileEncoding = 4; lastKnownFileType = sourcecode.cpp.objcpp; path = MXAppDelegate.mm; sourceTree = "<group>"; };
		03109F1B12AD48D0008B6DF7 /* RenderableManager.h */ = {isa = PBXFileReference; fileEncoding = 4; lastKnownFileType = sourcecode.c.h; path = RenderableManager.h; sourceTree = "<group>"; };
		03109F1C12AD48D0008B6DF7 /* RenderableManager.mm */ = {isa = PBXFileReference; fileEncoding = 4; lastKnownFileType = sourcecode.cpp.objcpp; path = RenderableManager.mm; sourceTree = "<group>"; };
		03109F1D12AD48D0008B6DF7 /* TextureManager.h */ = {isa = PBXFileReference; fileEncoding = 4; lastKnownFileType = sourcecode.c.h; path = TextureManager.h; sourceTree = "<group>"; };
		03109F1E12AD48D0008B6DF7 /* TextureManager.mm */ = {isa = PBXFileReference; fileEncoding = 4; lastKnownFileType = sourcecode.cpp.objcpp; path = TextureManager.mm; sourceTree = "<group>"; };
		03109F2012AD48D0008B6DF7 /* Scene.h */ = {isa = PBXFileReference; fileEncoding = 4; lastKnownFileType = sourcecode.c.h; path = Scene.h; sourceTree = "<group>"; };
		03109F2112AD48D0008B6DF7 /* Scene.mm */ = {isa = PBXFileReference; fileEncoding = 4; lastKnownFileType = sourcecode.cpp.objcpp; path = Scene.mm; sourceTree = "<group>"; };
		03109F2312AD48D0008B6DF7 /* Timer.h */ = {isa = PBXFileReference; fileEncoding = 4; lastKnownFileType = sourcecode.c.h; path = Timer.h; sourceTree = "<group>"; };
		03109F2412AD48D0008B6DF7 /* Timer.mm */ = {isa = PBXFileReference; fileEncoding = 4; lastKnownFileType = sourcecode.cpp.objcpp; path = Timer.mm; sourceTree = "<group>"; };
		03109F2512AD48D0008B6DF7 /* util.cpp */ = {isa = PBXFileReference; fileEncoding = 4; lastKnownFileType = sourcecode.cpp.cpp; path = util.cpp; sourceTree = "<group>"; };
		03109F2612AD48D0008B6DF7 /* util.h */ = {isa = PBXFileReference; fileEncoding = 4; lastKnownFileType = sourcecode.c.h; path = util.h; sourceTree = "<group>"; };
		03109F2912AD48D0008B6DF7 /* Actions.h */ = {isa = PBXFileReference; fileEncoding = 4; lastKnownFileType = sourcecode.c.h; path = Actions.h; sourceTree = "<group>"; };
		03109F2A12AD48D0008B6DF7 /* ActionSystem.h */ = {isa = PBXFileReference; fileEncoding = 4; lastKnownFileType = sourcecode.c.h; path = ActionSystem.h; sourceTree = "<group>"; };
		03109F2B12AD48D0008B6DF7 /* ActionSystem.mm */ = {isa = PBXFileReference; fileEncoding = 4; lastKnownFileType = sourcecode.cpp.objcpp; path = ActionSystem.mm; sourceTree = "<group>"; };
		03109F2D12AD48D0008B6DF7 /* AnimationSystem.h */ = {isa = PBXFileReference; fileEncoding = 4; lastKnownFileType = sourcecode.c.h; path = AnimationSystem.h; sourceTree = "<group>"; };
		03109F2E12AD48D0008B6DF7 /* AnimationSystem.mm */ = {isa = PBXFileReference; fileEncoding = 4; lastKnownFileType = sourcecode.cpp.objcpp; path = AnimationSystem.mm; sourceTree = "<group>"; };
		03109F3012AD48D0008B6DF7 /* AttachmentSystem.h */ = {isa = PBXFileReference; fileEncoding = 4; lastKnownFileType = sourcecode.c.h; path = AttachmentSystem.h; sourceTree = "<group>"; };
		03109F3112AD48D0008B6DF7 /* AttachmentSystem.mm */ = {isa = PBXFileReference; fileEncoding = 4; lastKnownFileType = sourcecode.cpp.objcpp; path = AttachmentSystem.mm; sourceTree = "<group>"; };
		03109F3312AD48D0008B6DF7 /* CorpseRetrievalSystem.h */ = {isa = PBXFileReference; fileEncoding = 4; lastKnownFileType = sourcecode.c.h; path = CorpseRetrievalSystem.h; sourceTree = "<group>"; };
		03109F3412AD48D0008B6DF7 /* CorpseRetrievalSystem.mm */ = {isa = PBXFileReference; fileEncoding = 4; lastKnownFileType = sourcecode.cpp.objcpp; path = CorpseRetrievalSystem.mm; sourceTree = "<group>"; };
		03109F3612AD48D0008B6DF7 /* MovementSystem.h */ = {isa = PBXFileReference; fileEncoding = 4; lastKnownFileType = sourcecode.c.h; path = MovementSystem.h; sourceTree = "<group>"; };
		03109F3712AD48D0008B6DF7 /* MovementSystem.mm */ = {isa = PBXFileReference; fileEncoding = 4; lastKnownFileType = sourcecode.cpp.objcpp; path = MovementSystem.mm; sourceTree = "<group>"; };
		03109F3912AD48D0008B6DF7 /* ParticleSystem.h */ = {isa = PBXFileReference; fileEncoding = 4; lastKnownFileType = sourcecode.c.h; path = ParticleSystem.h; sourceTree = "<group>"; };
		03109F3A12AD48D0008B6DF7 /* ParticleSystem.mm */ = {isa = PBXFileReference; fileEncoding = 4; lastKnownFileType = sourcecode.cpp.objcpp; path = ParticleSystem.mm; sourceTree = "<group>"; };
		03109F3C12AD48D0008B6DF7 /* RenderSystem.h */ = {isa = PBXFileReference; fileEncoding = 4; lastKnownFileType = sourcecode.c.h; path = RenderSystem.h; sourceTree = "<group>"; };
		03109F3D12AD48D0008B6DF7 /* RenderSystem.mm */ = {isa = PBXFileReference; fileEncoding = 4; lastKnownFileType = sourcecode.cpp.objcpp; path = RenderSystem.mm; sourceTree = "<group>"; };
		03109F3F12AD48D0008B6DF7 /* SoundSystem.h */ = {isa = PBXFileReference; fileEncoding = 4; lastKnownFileType = sourcecode.c.h; path = SoundSystem.h; sourceTree = "<group>"; };
		03109F4012AD48D0008B6DF7 /* SoundSystem.mm */ = {isa = PBXFileReference; fileEncoding = 4; lastKnownFileType = sourcecode.cpp.objcpp; path = SoundSystem.mm; sourceTree = "<group>"; };
		03109F4112AD48D0008B6DF7 /* types.h */ = {isa = PBXFileReference; fileEncoding = 4; lastKnownFileType = sourcecode.c.h; path = types.h; sourceTree = "<group>"; };
		03109FD712AD4E8F008B6DF7 /* MinyxStoreViewController.h */ = {isa = PBXFileReference; fileEncoding = 4; lastKnownFileType = sourcecode.c.h; path = MinyxStoreViewController.h; sourceTree = "<group>"; };
		03109FD812AD4E8F008B6DF7 /* MinyxStoreViewController.m */ = {isa = PBXFileReference; fileEncoding = 4; lastKnownFileType = sourcecode.c.objc; path = MinyxStoreViewController.m; sourceTree = "<group>"; };
		03109FD912AD4E8F008B6DF7 /* MinyxStoreViewController.xib */ = {isa = PBXFileReference; lastKnownFileType = file.xib; path = MinyxStoreViewController.xib; sourceTree = "<group>"; };
		0310A02C12AD551A008B6DF7 /* moneyyy.jpg */ = {isa = PBXFileReference; lastKnownFileType = image.jpeg; path = moneyyy.jpg; sourceTree = "<group>"; };
		0310A0C112AD64FB008B6DF7 /* orange.png */ = {isa = PBXFileReference; lastKnownFileType = image.png; path = orange.png; sourceTree = "<group>"; };
		0310A0C212AD64FB008B6DF7 /* apple.png */ = {isa = PBXFileReference; lastKnownFileType = image.png; path = apple.png; sourceTree = "<group>"; };
		0310A0C312AD64FB008B6DF7 /* banana.png */ = {isa = PBXFileReference; lastKnownFileType = image.png; path = banana.png; sourceTree = "<group>"; };
		0310A0C412AD64FB008B6DF7 /* grapes.png */ = {isa = PBXFileReference; lastKnownFileType = image.png; path = grapes.png; sourceTree = "<group>"; };
		0310A0C512AD64FB008B6DF7 /* lemon2.png */ = {isa = PBXFileReference; lastKnownFileType = image.png; path = lemon2.png; sourceTree = "<group>"; };
		0310A0C612AD64FB008B6DF7 /* lemon.png */ = {isa = PBXFileReference; lastKnownFileType = image.png; path = lemon.png; sourceTree = "<group>"; };
		0310A11512AD6904008B6DF7 /* fruits.png */ = {isa = PBXFileReference; lastKnownFileType = image.png; path = fruits.png; sourceTree = "<group>"; };
		0310A17412AD73AC008B6DF7 /* combo1.m4a */ = {isa = PBXFileReference; lastKnownFileType = file; path = combo1.m4a; sourceTree = "<group>"; };
		0310A17512AD73AC008B6DF7 /* combo2.m4a */ = {isa = PBXFileReference; lastKnownFileType = file; path = combo2.m4a; sourceTree = "<group>"; };
		0310A17612AD73AC008B6DF7 /* combo3.m4a */ = {isa = PBXFileReference; lastKnownFileType = file; path = combo3.m4a; sourceTree = "<group>"; };
		0310A17712AD73AC008B6DF7 /* combo4.m4a */ = {isa = PBXFileReference; lastKnownFileType = file; path = combo4.m4a; sourceTree = "<group>"; };
		0310A17812AD73AC008B6DF7 /* combo5.m4a */ = {isa = PBXFileReference; lastKnownFileType = file; path = combo5.m4a; sourceTree = "<group>"; };
		03275A2C12AD7B1000B4CF98 /* fuck5.mp3 */ = {isa = PBXFileReference; lastKnownFileType = audio.mp3; path = fuck5.mp3; sourceTree = "<group>"; };
		03275A2D12AD7B1000B4CF98 /* fuck4.mp3 */ = {isa = PBXFileReference; lastKnownFileType = audio.mp3; path = fuck4.mp3; sourceTree = "<group>"; };
		03275A2E12AD7B1000B4CF98 /* fuck3.mp3 */ = {isa = PBXFileReference; lastKnownFileType = audio.mp3; path = fuck3.mp3; sourceTree = "<group>"; };
		03275A2F12AD7B1000B4CF98 /* fuck2.mp3 */ = {isa = PBXFileReference; lastKnownFileType = audio.mp3; path = fuck2.mp3; sourceTree = "<group>"; };
		03275A3012AD7B1000B4CF98 /* fuck1.mp3 */ = {isa = PBXFileReference; lastKnownFileType = audio.mp3; path = fuck1.mp3; sourceTree = "<group>"; };
		032A173C12AC56000046B89E /* GameKit.framework */ = {isa = PBXFileReference; lastKnownFileType = wrapper.framework; name = GameKit.framework; path = System/Library/Frameworks/GameKit.framework; sourceTree = SDKROOT; };
		039968B412A8243300D0C56D /* globals.h */ = {isa = PBXFileReference; fileEncoding = 4; lastKnownFileType = sourcecode.c.h; path = globals.h; sourceTree = "<group>"; };
		039968B512A8243300D0C56D /* globals.mm */ = {isa = PBXFileReference; fileEncoding = 4; lastKnownFileType = sourcecode.cpp.objcpp; path = globals.mm; sourceTree = "<group>"; };
		039968B712A8243300D0C56D /* Game.h */ = {isa = PBXFileReference; fileEncoding = 4; lastKnownFileType = sourcecode.c.h; path = Game.h; sourceTree = "<group>"; };
		039968B812A8243300D0C56D /* Game.mm */ = {isa = PBXFileReference; fileEncoding = 4; lastKnownFileType = sourcecode.cpp.objcpp; path = Game.mm; sourceTree = "<group>"; };
		039968BA12A8243300D0C56D /* GameScene.h */ = {isa = PBXFileReference; fileEncoding = 4; lastKnownFileType = sourcecode.c.h; path = GameScene.h; sourceTree = "<group>"; };
		039968BB12A8243300D0C56D /* GameScene.mm */ = {isa = PBXFileReference; fileEncoding = 4; lastKnownFileType = sourcecode.cpp.objcpp; path = GameScene.mm; sourceTree = "<group>"; };
		039968BE12A8243300D0C56D /* GameComponents.h */ = {isa = PBXFileReference; fileEncoding = 4; lastKnownFileType = sourcecode.c.h; path = GameComponents.h; sourceTree = "<group>"; };
		039968BF12A8243300D0C56D /* GameComponents.mm */ = {isa = PBXFileReference; fileEncoding = 4; lastKnownFileType = sourcecode.cpp.objcpp; path = GameComponents.mm; sourceTree = "<group>"; };
		039968C212A8243300D0C56D /* GameBoardSystem.h */ = {isa = PBXFileReference; fileEncoding = 4; lastKnownFileType = sourcecode.c.h; path = GameBoardSystem.h; sourceTree = "<group>"; };
		039968C312A8243300D0C56D /* GameBoardSystem.mm */ = {isa = PBXFileReference; fileEncoding = 4; lastKnownFileType = sourcecode.cpp.objcpp; path = GameBoardSystem.mm; sourceTree = "<group>"; };
		039968C512A8243300D0C56D /* PlayerControlledSystem.h */ = {isa = PBXFileReference; fileEncoding = 4; lastKnownFileType = sourcecode.c.h; path = PlayerControlledSystem.h; sourceTree = "<group>"; };
		039968C612A8243300D0C56D /* PlayerControlledSystem.mm */ = {isa = PBXFileReference; fileEncoding = 4; lastKnownFileType = sourcecode.cpp.objcpp; path = PlayerControlledSystem.mm; sourceTree = "<group>"; };
		039968C812A8243300D0C56D /* GameLogicSystem.h */ = {isa = PBXFileReference; fileEncoding = 4; lastKnownFileType = sourcecode.c.h; path = GameLogicSystem.h; sourceTree = "<group>"; };
		039968C912A8243300D0C56D /* GameLogicSystem.mm */ = {isa = PBXFileReference; fileEncoding = 4; lastKnownFileType = sourcecode.cpp.objcpp; path = GameLogicSystem.mm; sourceTree = "<group>"; };
		039968CB12A8243300D0C56D /* HUDSystem.h */ = {isa = PBXFileReference; fileEncoding = 4; lastKnownFileType = sourcecode.c.h; path = HUDSystem.h; sourceTree = "<group>"; };
		039968CC12A8243300D0C56D /* HUDSystem.mm */ = {isa = PBXFileReference; fileEncoding = 4; lastKnownFileType = sourcecode.cpp.objcpp; path = HUDSystem.mm; sourceTree = "<group>"; };
		039968CD12A8243300D0C56D /* AppController.h */ = {isa = PBXFileReference; fileEncoding = 4; lastKnownFileType = sourcecode.c.h; path = AppController.h; sourceTree = "<group>"; };
		039968CE12A8243300D0C56D /* AppController.mm */ = {isa = PBXFileReference; fileEncoding = 4; lastKnownFileType = sourcecode.cpp.objcpp; path = AppController.mm; sourceTree = "<group>"; };
		039968CF12A8243300D0C56D /* SystemConfig.h */ = {isa = PBXFileReference; fileEncoding = 4; lastKnownFileType = sourcecode.c.h; path = SystemConfig.h; sourceTree = "<group>"; };
		039968DF12A8245300D0C56D /* back.png */ = {isa = PBXFileReference; lastKnownFileType = image.png; path = back.png; sourceTree = "<group>"; };
		039968E012A8245300D0C56D /* zomg.fnt */ = {isa = PBXFileReference; fileEncoding = 4; lastKnownFileType = text; path = zomg.fnt; sourceTree = "<group>"; };
		039968E112A8245300D0C56D /* zomg.png */ = {isa = PBXFileReference; lastKnownFileType = image.png; path = zomg.png; sourceTree = "<group>"; };
		0399694D12A824CA00D0C56D /* AVFoundation.framework */ = {isa = PBXFileReference; lastKnownFileType = wrapper.framework; name = AVFoundation.framework; path = System/Library/Frameworks/AVFoundation.framework; sourceTree = SDKROOT; };
		0399694E12A824CA00D0C56D /* OpenAL.framework */ = {isa = PBXFileReference; lastKnownFileType = wrapper.framework; name = OpenAL.framework; path = System/Library/Frameworks/OpenAL.framework; sourceTree = SDKROOT; };
		0399694F12A824CA00D0C56D /* OpenGLES.framework */ = {isa = PBXFileReference; lastKnownFileType = wrapper.framework; name = OpenGLES.framework; path = System/Library/Frameworks/OpenGLES.framework; sourceTree = SDKROOT; };
		0399695012A824CA00D0C56D /* QuartzCore.framework */ = {isa = PBXFileReference; lastKnownFileType = wrapper.framework; name = QuartzCore.framework; path = System/Library/Frameworks/QuartzCore.framework; sourceTree = SDKROOT; };
		0399695112A824CA00D0C56D /* libz.dylib */ = {isa = PBXFileReference; lastKnownFileType = "compiled.mach-o.dylib"; name = libz.dylib; path = usr/lib/libz.dylib; sourceTree = SDKROOT; };
		0399695212A824CA00D0C56D /* AudioToolbox.framework */ = {isa = PBXFileReference; lastKnownFileType = wrapper.framework; name = AudioToolbox.framework; path = System/Library/Frameworks/AudioToolbox.framework; sourceTree = SDKROOT; };
		0399697E12A828C700D0C56D /* banana40.png */ = {isa = PBXFileReference; lastKnownFileType = image.png; path = banana40.png; sourceTree = "<group>"; };
		0399697F12A828C700D0C56D /* bug40.png */ = {isa = PBXFileReference; lastKnownFileType = image.png; path = bug40.png; sourceTree = "<group>"; };
		0399698012A828C700D0C56D /* clock.png */ = {isa = PBXFileReference; lastKnownFileType = image.png; path = clock.png; sourceTree = "<group>"; };
		0399698112A828C700D0C56D /* grapes40.png */ = {isa = PBXFileReference; lastKnownFileType = image.png; path = grapes40.png; sourceTree = "<group>"; };
		0399698212A828C700D0C56D /* lemon40.png */ = {isa = PBXFileReference; lastKnownFileType = image.png; path = lemon40.png; sourceTree = "<group>"; };
		0399698312A828C700D0C56D /* orange40.png */ = {isa = PBXFileReference; lastKnownFileType = image.png; path = orange40.png; sourceTree = "<group>"; };
		0399698412A828C700D0C56D /* pause.png */ = {isa = PBXFileReference; lastKnownFileType = image.png; path = pause.png; sourceTree = "<group>"; };
		0399698C12A855B400D0C56D /* Fruit.h */ = {isa = PBXFileReference; fileEncoding = 4; lastKnownFileType = sourcecode.c.h; path = Fruit.h; sourceTree = "<group>"; };
		0399698D12A855B400D0C56D /* Fruit.mm */ = {isa = PBXFileReference; fileEncoding = 4; lastKnownFileType = sourcecode.cpp.objcpp; path = Fruit.mm; sourceTree = "<group>"; };
		03996BC912A8770200D0C56D /* marker.pex */ = {isa = PBXFileReference; fileEncoding = 4; lastKnownFileType = text; path = marker.pex; sourceTree = "<group>"; };
		03996C0A12A87C5500D0C56D /* stars.pex */ = {isa = PBXFileReference; fileEncoding = 4; lastKnownFileType = text; path = stars.pex; sourceTree = "<group>"; };
		03ABF17712AA627600320143 /* goldstars.pex */ = {isa = PBXFileReference; fileEncoding = 4; lastKnownFileType = text; path = goldstars.pex; sourceTree = "<group>"; };
		03ABF18212AA636600320143 /* goldstar2.pex */ = {isa = PBXFileReference; fileEncoding = 4; lastKnownFileType = text; path = goldstar2.pex; sourceTree = "<group>"; };
		03ABF1FE12AA869900320143 /* Time_Up.mp3 */ = {isa = PBXFileReference; lastKnownFileType = audio.mp3; path = Time_Up.mp3; sourceTree = "<group>"; };
		03ABF21D12AA886F00320143 /* Go.mp3 */ = {isa = PBXFileReference; lastKnownFileType = audio.mp3; path = Go.mp3; sourceTree = "<group>"; };
		03ABF21E12AA886F00320143 /* Get_ready.mp3 */ = {isa = PBXFileReference; lastKnownFileType = audio.mp3; path = Get_ready.mp3; sourceTree = "<group>"; };
		03ABF23912AA89D100320143 /* Game_Over.mp3 */ = {isa = PBXFileReference; lastKnownFileType = audio.mp3; path = Game_Over.mp3; sourceTree = "<group>"; };
		03ABF23C12AA8A0800320143 /* gemongem2.mp3 */ = {isa = PBXFileReference; lastKnownFileType = audio.mp3; path = gemongem2.mp3; sourceTree = "<group>"; };
		03ABF26012AA8B5D00320143 /* combo32.mp3 */ = {isa = PBXFileReference; lastKnownFileType = audio.mp3; path = combo32.mp3; sourceTree = "<group>"; };
		03ABF26D12AA8C0800320143 /* combo72.mp3 */ = {isa = PBXFileReference; lastKnownFileType = audio.mp3; path = combo72.mp3; sourceTree = "<group>"; };
		03ABF26E12AA8C0800320143 /* combo62.mp3 */ = {isa = PBXFileReference; lastKnownFileType = audio.mp3; path = combo62.mp3; sourceTree = "<group>"; };
		03ABF26F12AA8C0800320143 /* combo52.mp3 */ = {isa = PBXFileReference; lastKnownFileType = audio.mp3; path = combo52.mp3; sourceTree = "<group>"; };
		03ABF27012AA8C0800320143 /* combo42.mp3 */ = {isa = PBXFileReference; lastKnownFileType = audio.mp3; path = combo42.mp3; sourceTree = "<group>"; };
		03ABF29A12AA8EC300320143 /* excellent1.mp3 */ = {isa = PBXFileReference; lastKnownFileType = audio.mp3; path = excellent1.mp3; sourceTree = "<group>"; };
		03ABF29C12AA8EEB00320143 /* Good.mp3 */ = {isa = PBXFileReference; lastKnownFileType = audio.mp3; path = Good.mp3; sourceTree = "<group>"; };
		03ABF29E12AA8F0300320143 /* gotset2.mp3 */ = {isa = PBXFileReference; lastKnownFileType = audio.mp3; path = gotset2.mp3; sourceTree = "<group>"; };
		03ABF2A012AA8F1500320143 /* Incredible.mp3 */ = {isa = PBXFileReference; lastKnownFileType = audio.mp3; path = Incredible.mp3; sourceTree = "<group>"; };
		03ABF2CD12AAA48D00320143 /* menu.mp3 */ = {isa = PBXFileReference; lastKnownFileType = audio.mp3; path = menu.mp3; sourceTree = "<group>"; };
		03ABF2D512AAA5EB00320143 /* timed.mp3 */ = {isa = PBXFileReference; lastKnownFileType = audio.mp3; path = timed.mp3; sourceTree = "<group>"; };
		03ABF2D712AAA5F000320143 /* endless.mp3 */ = {isa = PBXFileReference; lastKnownFileType = audio.mp3; path = endless.mp3; sourceTree = "<group>"; };
		03ABF3E312AABAFB00320143 /* strawberry.png */ = {isa = PBXFileReference; lastKnownFileType = image.png; path = strawberry.png; sourceTree = "<group>"; };
		03ABF42C12AAC61100320143 /* Entitlements.plist */ = {isa = PBXFileReference; fileEncoding = 4; lastKnownFileType = text.plist.xml; path = Entitlements.plist; sourceTree = "<group>"; };
		03ABF43C12AAC67500320143 /* EntitlementsDebug.plist */ = {isa = PBXFileReference; fileEncoding = 4; lastKnownFileType = text.plist.xml; path = EntitlementsDebug.plist; sourceTree = "<group>"; };
		03ABF46D12AAC7F900320143 /* Icon.png */ = {isa = PBXFileReference; lastKnownFileType = image.png; path = Icon.png; sourceTree = "<group>"; };
		1D30AB110D05D00D00671497 /* Foundation.framework */ = {isa = PBXFileReference; lastKnownFileType = wrapper.framework; name = Foundation.framework; path = System/Library/Frameworks/Foundation.framework; sourceTree = SDKROOT; };
		1D6058910D05DD3D006BFB54 /* Fruitmunch.app */ = {isa = PBXFileReference; explicitFileType = wrapper.application; includeInIndex = 0; path = Fruitmunch.app; sourceTree = BUILT_PRODUCTS_DIR; };
		1DF5F4DF0D08C38300B7A737 /* UIKit.framework */ = {isa = PBXFileReference; lastKnownFileType = wrapper.framework; name = UIKit.framework; path = System/Library/Frameworks/UIKit.framework; sourceTree = SDKROOT; };
		288765FC0DF74451002DB57D /* CoreGraphics.framework */ = {isa = PBXFileReference; lastKnownFileType = wrapper.framework; name = CoreGraphics.framework; path = System/Library/Frameworks/CoreGraphics.framework; sourceTree = SDKROOT; };
		29B97316FDCFA39411CA2CEA /* main.m */ = {isa = PBXFileReference; fileEncoding = 4; lastKnownFileType = sourcecode.c.objc; path = main.m; sourceTree = "<group>"; };
		32CA4F630368D1EE00C91783 /* Fruitmunch_Prefix.pch */ = {isa = PBXFileReference; fileEncoding = 4; lastKnownFileType = sourcecode.c.h; path = Fruitmunch_Prefix.pch; sourceTree = "<group>"; };
		8D1107310486CEB800E47090 /* Fruitmunch-Info.plist */ = {isa = PBXFileReference; fileEncoding = 4; lastKnownFileType = text.plist.xml; path = "Fruitmunch-Info.plist"; plistStructureDefinitionIdentifier = "com.apple.xcode.plist.structure-definition.iphone.info-plist"; sourceTree = "<group>"; };
/* End PBXFileReference section */

/* Begin PBXFrameworksBuildPhase section */
		1D60588F0D05DD3D006BFB54 /* Frameworks */ = {
			isa = PBXFrameworksBuildPhase;
			buildActionMask = 2147483647;
			files = (
				1D60589F0D05DD5A006BFB54 /* Foundation.framework in Frameworks */,
				1DF5F4E00D08C38300B7A737 /* UIKit.framework in Frameworks */,
				288765FD0DF74451002DB57D /* CoreGraphics.framework in Frameworks */,
				0399695312A824CA00D0C56D /* AVFoundation.framework in Frameworks */,
				0399695412A824CA00D0C56D /* OpenAL.framework in Frameworks */,
				0399695512A824CA00D0C56D /* OpenGLES.framework in Frameworks */,
				0399695612A824CA00D0C56D /* QuartzCore.framework in Frameworks */,
				0399695712A824CA00D0C56D /* libz.dylib in Frameworks */,
				0399695812A824CA00D0C56D /* AudioToolbox.framework in Frameworks */,
				032A173D12AC56000046B89E /* GameKit.framework in Frameworks */,
				03109E8C12AD4667008B6DF7 /* StoreKit.framework in Frameworks */,
			);
			runOnlyForDeploymentPostprocessing = 0;
		};
/* End PBXFrameworksBuildPhase section */

/* Begin PBXGroup section */
		0306260F12A9046800325249 /* GameScene */ = {
			isa = PBXGroup;
			children = (
				039968BA12A8243300D0C56D /* GameScene.h */,
				039968BB12A8243300D0C56D /* GameScene.mm */,
			);
			name = GameScene;
			sourceTree = "<group>";
		};
		0306261012A9047000325249 /* MenuScene */ = {
			isa = PBXGroup;
			children = (
				0306261412A9058400325249 /* MenuScene.h */,
				0306261512A9058400325249 /* MenuScene.mm */,
			);
			name = MenuScene;
			sourceTree = "<group>";
		};
		03109EAC12AD48D0008B6DF7 /* ComponentV3 */ = {
			isa = PBXGroup;
			children = (
				03109EAD12AD48D0008B6DF7 /* Components */,
				03109EB012AD48D0008B6DF7 /* ComponentV3.h */,
				03109EB112AD48D0008B6DF7 /* Entity */,
				03109EB412AD48D0008B6DF7 /* Entity Manager */,
				03109EB712AD48D0008B6DF7 /* Runtime */,
				03109F2712AD48D0008B6DF7 /* Systems */,
				03109F4112AD48D0008B6DF7 /* types.h */,
			);
			name = ComponentV3;
			path = FrameworkV3/Classes/ComponentV3;
			sourceTree = SOURCE_ROOT;
		};
		03109EAD12AD48D0008B6DF7 /* Components */ = {
			isa = PBXGroup;
			children = (
				03109EAE12AD48D0008B6DF7 /* Component.h */,
				03109EAF12AD48D0008B6DF7 /* Component.mm */,
			);
			path = Components;
			sourceTree = "<group>";
		};
		03109EB112AD48D0008B6DF7 /* Entity */ = {
			isa = PBXGroup;
			children = (
				03109EB212AD48D0008B6DF7 /* Entity.h */,
				03109EB312AD48D0008B6DF7 /* Entity.mm */,
			);
			path = Entity;
			sourceTree = "<group>";
		};
		03109EB412AD48D0008B6DF7 /* Entity Manager */ = {
			isa = PBXGroup;
			children = (
				03109EB512AD48D0008B6DF7 /* EntityManager.h */,
				03109EB612AD48D0008B6DF7 /* EntityManager.mm */,
			);
			path = "Entity Manager";
			sourceTree = "<group>";
		};
		03109EB712AD48D0008B6DF7 /* Runtime */ = {
			isa = PBXGroup;
			children = (
				03109EB812AD48D0008B6DF7 /* Audio */,
				03109EC312AD48D0008B6DF7 /* Graphics */,
				03109EE712AD48D0008B6DF7 /* Input */,
				03109EEA12AD48D0008B6DF7 /* Platforms */,
				03109F1A12AD48D0008B6DF7 /* Resource Managers */,
				03109F1F12AD48D0008B6DF7 /* Scene */,
				03109F2212AD48D0008B6DF7 /* Util */,
			);
			path = Runtime;
			sourceTree = "<group>";
		};
		03109EB812AD48D0008B6DF7 /* Audio */ = {
			isa = PBXGroup;
			children = (
				03109EB912AD48D0008B6DF7 /* CocosDenshion */,
			);
			path = Audio;
			sourceTree = "<group>";
		};
		03109EB912AD48D0008B6DF7 /* CocosDenshion */ = {
			isa = PBXGroup;
			children = (
				03109EBA12AD48D0008B6DF7 /* CDAudioManager.h */,
				03109EBB12AD48D0008B6DF7 /* CDAudioManager.m */,
				03109EBC12AD48D0008B6DF7 /* CDConfig.h */,
				03109EBD12AD48D0008B6DF7 /* CDOpenALSupport.h */,
				03109EBE12AD48D0008B6DF7 /* CDOpenALSupport.m */,
				03109EBF12AD48D0008B6DF7 /* CocosDenshion.h */,
				03109EC012AD48D0008B6DF7 /* CocosDenshion.m */,
				03109EC112AD48D0008B6DF7 /* SimpleAudioEngine.h */,
				03109EC212AD48D0008B6DF7 /* SimpleAudioEngine.m */,
			);
			path = CocosDenshion;
			sourceTree = "<group>";
		};
		03109EC312AD48D0008B6DF7 /* Graphics */ = {
			isa = PBXGroup;
			children = (
				03109EC412AD48D0008B6DF7 /* Font */,
				03109EC712AD48D0008B6DF7 /* Particle */,
				03109ED612AD48D0008B6DF7 /* RenderDevice.h */,
				03109ED712AD48D0008B6DF7 /* RenderDevice.mm */,
				03109ED812AD48D0008B6DF7 /* SOIL_iPhone */,
				03109EE312AD48D0008B6DF7 /* Texture2D.h */,
				03109EE412AD48D0008B6DF7 /* Texture2D.mm */,
				03109EE512AD48D0008B6DF7 /* TexturedQuad.h */,
				03109EE612AD48D0008B6DF7 /* TexturedQuad.mm */,
			);
			path = Graphics;
			sourceTree = "<group>";
		};
		03109EC412AD48D0008B6DF7 /* Font */ = {
			isa = PBXGroup;
			children = (
				03109EC512AD48D0008B6DF7 /* bm_font.h */,
				03109EC612AD48D0008B6DF7 /* bm_font.mm */,
			);
			path = Font;
			sourceTree = "<group>";
		};
		03109EC712AD48D0008B6DF7 /* Particle */ = {
			isa = PBXGroup;
			children = (
				03109EC812AD48D0008B6DF7 /* Global.h */,
				03109EC912AD48D0008B6DF7 /* OBJCTexture2D.h */,
				03109ECA12AD48D0008B6DF7 /* OBJCTexture2D.mm */,
				03109ECB12AD48D0008B6DF7 /* Particle Emitter */,
				03109ED012AD48D0008B6DF7 /* Structures.h */,
				03109ED112AD48D0008B6DF7 /* TBXML */,
			);
			path = Particle;
			sourceTree = "<group>";
		};
		03109ECB12AD48D0008B6DF7 /* Particle Emitter */ = {
			isa = PBXGroup;
			children = (
				03109ECC12AD48D0008B6DF7 /* ParticleEmitter.h */,
				03109ECD12AD48D0008B6DF7 /* ParticleEmitter.mm */,
				03109ECE12AD48D0008B6DF7 /* TBXMLParticleAdditions.h */,
				03109ECF12AD48D0008B6DF7 /* TBXMLParticleAdditions.m */,
			);
			path = "Particle Emitter";
			sourceTree = "<group>";
		};
		03109ED112AD48D0008B6DF7 /* TBXML */ = {
			isa = PBXGroup;
			children = (
				03109ED212AD48D0008B6DF7 /* NSDataAdditions.h */,
				03109ED312AD48D0008B6DF7 /* NSDataAdditions.m */,
				03109ED412AD48D0008B6DF7 /* TBXML.h */,
				03109ED512AD48D0008B6DF7 /* TBXML.m */,
			);
			path = TBXML;
			sourceTree = "<group>";
		};
		03109ED812AD48D0008B6DF7 /* SOIL_iPhone */ = {
			isa = PBXGroup;
			children = (
				03109ED912AD48D0008B6DF7 /* image_DXT.h */,
				03109EDA12AD48D0008B6DF7 /* image_DXT.mm */,
				03109EDB12AD48D0008B6DF7 /* image_helper.h */,
				03109EDC12AD48D0008B6DF7 /* image_helper.mm */,
				03109EDD12AD48D0008B6DF7 /* SOIL.h */,
				03109EDE12AD48D0008B6DF7 /* SOIL.mm */,
				03109EDF12AD48D0008B6DF7 /* stb_image_aug.h */,
				03109EE012AD48D0008B6DF7 /* stb_image_aug.mm */,
				03109EE112AD48D0008B6DF7 /* stbi_DDS_aug.h */,
				03109EE212AD48D0008B6DF7 /* stbi_DDS_aug_c.h */,
			);
			path = SOIL_iPhone;
			sourceTree = "<group>";
		};
		03109EE712AD48D0008B6DF7 /* Input */ = {
			isa = PBXGroup;
			children = (
				03109EE812AD48D0008B6DF7 /* InputDevice.h */,
				03109EE912AD48D0008B6DF7 /* InputDevice.mm */,
			);
			path = Input;
			sourceTree = "<group>";
		};
		03109EEA12AD48D0008B6DF7 /* Platforms */ = {
			isa = PBXGroup;
			children = (
				03109EEB12AD48D0008B6DF7 /* iOS */,
			);
			path = Platforms;
			sourceTree = "<group>";
		};
		03109EEB12AD48D0008B6DF7 /* iOS */ = {
			isa = PBXGroup;
			children = (
				03109FD612AD4E8F008B6DF7 /* Minyx Store */,
				03109EEC12AD48D0008B6DF7 /* EAGLView.h */,
				03109EED12AD48D0008B6DF7 /* EAGLView.mm */,
				03109EEE12AD48D0008B6DF7 /* Facebook Sumbit Controller */,
				03109EF212AD48D0008B6DF7 /* FBConnect */,
				03109F0B12AD48D0008B6DF7 /* GameCenterManager.h */,
				03109F0C12AD48D0008B6DF7 /* GameCenterManager.m */,
				03109F0D12AD48D0008B6DF7 /* Main View Controller */,
				03109F1212AD48D0008B6DF7 /* MainWindow.xib */,
				03109F1312AD48D0008B6DF7 /* MKStore */,
				03109F1812AD48D0008B6DF7 /* MXAppDelegate.h */,
				03109F1912AD48D0008B6DF7 /* MXAppDelegate.mm */,
			);
			path = iOS;
			sourceTree = "<group>";
		};
		03109EEE12AD48D0008B6DF7 /* Facebook Sumbit Controller */ = {
			isa = PBXGroup;
			children = (
				03109EEF12AD48D0008B6DF7 /* FacebookSubmitController.h */,
				03109EF012AD48D0008B6DF7 /* FacebookSubmitController.m */,
				03109EF112AD48D0008B6DF7 /* FacebookSubmitController.xib */,
			);
			path = "Facebook Sumbit Controller";
			sourceTree = "<group>";
		};
		03109EF212AD48D0008B6DF7 /* FBConnect */ = {
			isa = PBXGroup;
			children = (
				03109EF312AD48D0008B6DF7 /* Facebook.h */,
				03109EF412AD48D0008B6DF7 /* Facebook.m */,
				03109EF512AD48D0008B6DF7 /* FBConnect.h */,
				03109EF612AD48D0008B6DF7 /* FBDialog.bundle */,
				03109EF712AD48D0008B6DF7 /* FBDialog.h */,
				03109EF812AD48D0008B6DF7 /* FBDialog.m */,
				03109EF912AD48D0008B6DF7 /* FBLoginDialog.h */,
				03109EFA12AD48D0008B6DF7 /* FBLoginDialog.m */,
				03109EFB12AD48D0008B6DF7 /* FBRequest.h */,
				03109EFC12AD48D0008B6DF7 /* FBRequest.m */,
				03109EFD12AD48D0008B6DF7 /* JSON */,
			);
			path = FBConnect;
			sourceTree = "<group>";
		};
		03109EFD12AD48D0008B6DF7 /* JSON */ = {
			isa = PBXGroup;
			children = (
				03109EFE12AD48D0008B6DF7 /* JSON.h */,
				03109EFF12AD48D0008B6DF7 /* NSObject+SBJSON.h */,
				03109F0012AD48D0008B6DF7 /* NSObject+SBJSON.m */,
				03109F0112AD48D0008B6DF7 /* NSString+SBJSON.h */,
				03109F0212AD48D0008B6DF7 /* NSString+SBJSON.m */,
				03109F0312AD48D0008B6DF7 /* SBJSON.h */,
				03109F0412AD48D0008B6DF7 /* SBJSON.m */,
				03109F0512AD48D0008B6DF7 /* SBJsonBase.h */,
				03109F0612AD48D0008B6DF7 /* SBJsonBase.m */,
				03109F0712AD48D0008B6DF7 /* SBJsonParser.h */,
				03109F0812AD48D0008B6DF7 /* SBJsonParser.m */,
				03109F0912AD48D0008B6DF7 /* SBJsonWriter.h */,
				03109F0A12AD48D0008B6DF7 /* SBJsonWriter.m */,
			);
			path = JSON;
			sourceTree = "<group>";
		};
		03109F0D12AD48D0008B6DF7 /* Main View Controller */ = {
			isa = PBXGroup;
			children = (
				03109F0E12AD48D0008B6DF7 /* MainViewController.h */,
				03109F0F12AD48D0008B6DF7 /* MainViewController.mm */,
				03109F1012AD48D0008B6DF7 /* MainViewController_landscape.xib */,
				03109F1112AD48D0008B6DF7 /* MainViewController_portrait.xib */,
			);
			path = "Main View Controller";
			sourceTree = "<group>";
		};
		03109F1312AD48D0008B6DF7 /* MKStore */ = {
			isa = PBXGroup;
			children = (
				03109F1412AD48D0008B6DF7 /* MKStoreManager.h */,
				03109F1512AD48D0008B6DF7 /* MKStoreManager.m */,
				03109F1612AD48D0008B6DF7 /* MKStoreObserver.h */,
				03109F1712AD48D0008B6DF7 /* MKStoreObserver.m */,
			);
			path = MKStore;
			sourceTree = "<group>";
		};
		03109F1A12AD48D0008B6DF7 /* Resource Managers */ = {
			isa = PBXGroup;
			children = (
				03109F1B12AD48D0008B6DF7 /* RenderableManager.h */,
				03109F1C12AD48D0008B6DF7 /* RenderableManager.mm */,
				03109F1D12AD48D0008B6DF7 /* TextureManager.h */,
				03109F1E12AD48D0008B6DF7 /* TextureManager.mm */,
			);
			path = "Resource Managers";
			sourceTree = "<group>";
		};
		03109F1F12AD48D0008B6DF7 /* Scene */ = {
			isa = PBXGroup;
			children = (
				03109F2012AD48D0008B6DF7 /* Scene.h */,
				03109F2112AD48D0008B6DF7 /* Scene.mm */,
			);
			path = Scene;
			sourceTree = "<group>";
		};
		03109F2212AD48D0008B6DF7 /* Util */ = {
			isa = PBXGroup;
			children = (
				03109F2312AD48D0008B6DF7 /* Timer.h */,
				03109F2412AD48D0008B6DF7 /* Timer.mm */,
				03109F2512AD48D0008B6DF7 /* util.cpp */,
				03109F2612AD48D0008B6DF7 /* util.h */,
			);
			path = Util;
			sourceTree = "<group>";
		};
		03109F2712AD48D0008B6DF7 /* Systems */ = {
			isa = PBXGroup;
			children = (
				03109F2812AD48D0008B6DF7 /* Action System */,
				03109F2C12AD48D0008B6DF7 /* Animation System */,
				03109F2F12AD48D0008B6DF7 /* Attachment System */,
				03109F3212AD48D0008B6DF7 /* Corpse Retrieval System */,
				03109F3512AD48D0008B6DF7 /* Movement System */,
				03109F3812AD48D0008B6DF7 /* Particle System */,
				03109F3B12AD48D0008B6DF7 /* Render System */,
				03109F3E12AD48D0008B6DF7 /* Sound System */,
			);
			path = Systems;
			sourceTree = "<group>";
		};
		03109F2812AD48D0008B6DF7 /* Action System */ = {
			isa = PBXGroup;
			children = (
				03109F2912AD48D0008B6DF7 /* Actions.h */,
				03109F2A12AD48D0008B6DF7 /* ActionSystem.h */,
				03109F2B12AD48D0008B6DF7 /* ActionSystem.mm */,
			);
			path = "Action System";
			sourceTree = "<group>";
		};
		03109F2C12AD48D0008B6DF7 /* Animation System */ = {
			isa = PBXGroup;
			children = (
				03109F2D12AD48D0008B6DF7 /* AnimationSystem.h */,
				03109F2E12AD48D0008B6DF7 /* AnimationSystem.mm */,
			);
			path = "Animation System";
			sourceTree = "<group>";
		};
		03109F2F12AD48D0008B6DF7 /* Attachment System */ = {
			isa = PBXGroup;
			children = (
				03109F3012AD48D0008B6DF7 /* AttachmentSystem.h */,
				03109F3112AD48D0008B6DF7 /* AttachmentSystem.mm */,
			);
			path = "Attachment System";
			sourceTree = "<group>";
		};
		03109F3212AD48D0008B6DF7 /* Corpse Retrieval System */ = {
			isa = PBXGroup;
			children = (
				03109F3312AD48D0008B6DF7 /* CorpseRetrievalSystem.h */,
				03109F3412AD48D0008B6DF7 /* CorpseRetrievalSystem.mm */,
			);
			path = "Corpse Retrieval System";
			sourceTree = "<group>";
		};
		03109F3512AD48D0008B6DF7 /* Movement System */ = {
			isa = PBXGroup;
			children = (
				03109F3612AD48D0008B6DF7 /* MovementSystem.h */,
				03109F3712AD48D0008B6DF7 /* MovementSystem.mm */,
			);
			path = "Movement System";
			sourceTree = "<group>";
		};
		03109F3812AD48D0008B6DF7 /* Particle System */ = {
			isa = PBXGroup;
			children = (
				03109F3912AD48D0008B6DF7 /* ParticleSystem.h */,
				03109F3A12AD48D0008B6DF7 /* ParticleSystem.mm */,
			);
			path = "Particle System";
			sourceTree = "<group>";
		};
		03109F3B12AD48D0008B6DF7 /* Render System */ = {
			isa = PBXGroup;
			children = (
				03109F3C12AD48D0008B6DF7 /* RenderSystem.h */,
				03109F3D12AD48D0008B6DF7 /* RenderSystem.mm */,
			);
			path = "Render System";
			sourceTree = "<group>";
		};
		03109F3E12AD48D0008B6DF7 /* Sound System */ = {
			isa = PBXGroup;
			children = (
				03109F3F12AD48D0008B6DF7 /* SoundSystem.h */,
				03109F4012AD48D0008B6DF7 /* SoundSystem.mm */,
			);
			path = "Sound System";
			sourceTree = "<group>";
		};
		03109FD612AD4E8F008B6DF7 /* Minyx Store */ = {
			isa = PBXGroup;
			children = (
				0310A02C12AD551A008B6DF7 /* moneyyy.jpg */,
				03109FD712AD4E8F008B6DF7 /* MinyxStoreViewController.h */,
				03109FD812AD4E8F008B6DF7 /* MinyxStoreViewController.m */,
				03109FD912AD4E8F008B6DF7 /* MinyxStoreViewController.xib */,
			);
			path = "Minyx Store";
			sourceTree = "<group>";
		};
		039967A012A8234D00D0C56D /* Resources */ = {
			isa = PBXGroup;
			children = (
				03275A2C12AD7B1000B4CF98 /* fuck5.mp3 */,
				03275A2D12AD7B1000B4CF98 /* fuck4.mp3 */,
				03275A2E12AD7B1000B4CF98 /* fuck3.mp3 */,
				03275A2F12AD7B1000B4CF98 /* fuck2.mp3 */,
				03275A3012AD7B1000B4CF98 /* fuck1.mp3 */,
				0310A17412AD73AC008B6DF7 /* combo1.m4a */,
				0310A17512AD73AC008B6DF7 /* combo2.m4a */,
				0310A17612AD73AC008B6DF7 /* combo3.m4a */,
				0310A17712AD73AC008B6DF7 /* combo4.m4a */,
				0310A17812AD73AC008B6DF7 /* combo5.m4a */,
				03ABF2D712AAA5F000320143 /* endless.mp3 */,
				03ABF2D512AAA5EB00320143 /* timed.mp3 */,
				03ABF2CD12AAA48D00320143 /* menu.mp3 */,
				03ABF2A012AA8F1500320143 /* Incredible.mp3 */,
				03ABF29E12AA8F0300320143 /* gotset2.mp3 */,
				03ABF29C12AA8EEB00320143 /* Good.mp3 */,
				03ABF29A12AA8EC300320143 /* excellent1.mp3 */,
				03ABF26D12AA8C0800320143 /* combo72.mp3 */,
				03ABF26E12AA8C0800320143 /* combo62.mp3 */,
				03ABF26F12AA8C0800320143 /* combo52.mp3 */,
				03ABF27012AA8C0800320143 /* combo42.mp3 */,
				03ABF26012AA8B5D00320143 /* combo32.mp3 */,
				03ABF23C12AA8A0800320143 /* gemongem2.mp3 */,
				03ABF23912AA89D100320143 /* Game_Over.mp3 */,
				03ABF21D12AA886F00320143 /* Go.mp3 */,
				03ABF46D12AAC7F900320143 /* Icon.png */,
				03ABF21E12AA886F00320143 /* Get_ready.mp3 */,
				03ABF1FE12AA869900320143 /* Time_Up.mp3 */,
				03ABF18212AA636600320143 /* goldstar2.pex */,
				03ABF17712AA627600320143 /* goldstars.pex */,
				03996BC912A8770200D0C56D /* marker.pex */,
				0399697E12A828C700D0C56D /* banana40.png */,
				03996C0A12A87C5500D0C56D /* stars.pex */,
				0399697F12A828C700D0C56D /* bug40.png */,
				0310A11512AD6904008B6DF7 /* fruits.png */,
				0399698012A828C700D0C56D /* clock.png */,
				0399698112A828C700D0C56D /* grapes40.png */,
				0399698212A828C700D0C56D /* lemon40.png */,
				0399698312A828C700D0C56D /* orange40.png */,
				0399698412A828C700D0C56D /* pause.png */,
				03ABF3E312AABAFB00320143 /* strawberry.png */,
				039968DF12A8245300D0C56D /* back.png */,
				039968E012A8245300D0C56D /* zomg.fnt */,
				039968E112A8245300D0C56D /* zomg.png */,
				0310A0C112AD64FB008B6DF7 /* orange.png */,
				0310A0C212AD64FB008B6DF7 /* apple.png */,
				0310A0C312AD64FB008B6DF7 /* banana.png */,
				0310A0C412AD64FB008B6DF7 /* grapes.png */,
				0310A0C512AD64FB008B6DF7 /* lemon2.png */,
				0310A0C612AD64FB008B6DF7 /* lemon.png */,
			);
			path = Resources;
			sourceTree = "<group>";
		};
		039968B312A8243300D0C56D /* Game */ = {
			isa = PBXGroup;
			children = (
				030625F312A9022700325249 /* MainViewController_fmunch.xib */,
				039968CD12A8243300D0C56D /* AppController.h */,
				039968CE12A8243300D0C56D /* AppController.mm */,
				039968CF12A8243300D0C56D /* SystemConfig.h */,
				039968B412A8243300D0C56D /* globals.h */,
				039968B512A8243300D0C56D /* globals.mm */,
				039968C012A8243300D0C56D /* Game Systems */,
				039968BD12A8243300D0C56D /* Game Components */,
				039968BC12A8243300D0C56D /* Game Objects */,
				039968B912A8243300D0C56D /* Scenes */,
				039968B612A8243300D0C56D /* GAME LOOP + CO */,
			);
			path = Game;
			sourceTree = "<group>";
		};
		039968B612A8243300D0C56D /* GAME LOOP + CO */ = {
			isa = PBXGroup;
			children = (
				039968B712A8243300D0C56D /* Game.h */,
				039968B812A8243300D0C56D /* Game.mm */,
			);
			name = "GAME LOOP + CO";
			sourceTree = "<group>";
		};
		039968B912A8243300D0C56D /* Scenes */ = {
			isa = PBXGroup;
			children = (
				0306261012A9047000325249 /* MenuScene */,
				0306260F12A9046800325249 /* GameScene */,
			);
			name = Scenes;
			sourceTree = "<group>";
		};
		039968BC12A8243300D0C56D /* Game Objects */ = {
			isa = PBXGroup;
			children = (
				0399698C12A855B400D0C56D /* Fruit.h */,
				0399698D12A855B400D0C56D /* Fruit.mm */,
			);
			name = "Game Objects";
			sourceTree = "<group>";
		};
		039968BD12A8243300D0C56D /* Game Components */ = {
			isa = PBXGroup;
			children = (
				039968BE12A8243300D0C56D /* GameComponents.h */,
				039968BF12A8243300D0C56D /* GameComponents.mm */,
			);
			name = "Game Components";
			sourceTree = "<group>";
		};
		039968C012A8243300D0C56D /* Game Systems */ = {
			isa = PBXGroup;
			children = (
				039968CA12A8243300D0C56D /* HUD System */,
				039968C712A8243300D0C56D /* Game Logic System */,
				039968C412A8243300D0C56D /* Player Control System */,
				039968C112A8243300D0C56D /* GameBoardSystem */,
			);
			name = "Game Systems";
			sourceTree = "<group>";
		};
		039968C112A8243300D0C56D /* GameBoardSystem */ = {
			isa = PBXGroup;
			children = (
				039968C212A8243300D0C56D /* GameBoardSystem.h */,
				039968C312A8243300D0C56D /* GameBoardSystem.mm */,
			);
			name = GameBoardSystem;
			sourceTree = "<group>";
		};
		039968C412A8243300D0C56D /* Player Control System */ = {
			isa = PBXGroup;
			children = (
				039968C512A8243300D0C56D /* PlayerControlledSystem.h */,
				039968C612A8243300D0C56D /* PlayerControlledSystem.mm */,
			);
			name = "Player Control System";
			sourceTree = "<group>";
		};
		039968C712A8243300D0C56D /* Game Logic System */ = {
			isa = PBXGroup;
			children = (
				039968C812A8243300D0C56D /* GameLogicSystem.h */,
				039968C912A8243300D0C56D /* GameLogicSystem.mm */,
			);
			name = "Game Logic System";
			sourceTree = "<group>";
		};
		039968CA12A8243300D0C56D /* HUD System */ = {
			isa = PBXGroup;
			children = (
				039968CB12A8243300D0C56D /* HUDSystem.h */,
				039968CC12A8243300D0C56D /* HUDSystem.mm */,
			);
			name = "HUD System";
			sourceTree = "<group>";
		};
		080E96DDFE201D6D7F000001 /* Classes */ = {
			isa = PBXGroup;
			children = (
				03109EAC12AD48D0008B6DF7 /* ComponentV3 */,
				039968B312A8243300D0C56D /* Game */,
			);
			path = Classes;
			sourceTree = "<group>";
		};
		19C28FACFE9D520D11CA2CBB /* Products */ = {
			isa = PBXGroup;
			children = (
				1D6058910D05DD3D006BFB54 /* Fruitmunch.app */,
			);
			name = Products;
			sourceTree = "<group>";
		};
		29B97314FDCFA39411CA2CEA /* CustomTemplate */ = {
			isa = PBXGroup;
			children = (
				03ABF42C12AAC61100320143 /* Entitlements.plist */,
				03ABF43C12AAC67500320143 /* EntitlementsDebug.plist */,
				8D1107310486CEB800E47090 /* Fruitmunch-Info.plist */,
				080E96DDFE201D6D7F000001 /* Classes */,
				29B97315FDCFA39411CA2CEA /* Other Sources */,
				039967A012A8234D00D0C56D /* Resources */,
				29B97323FDCFA39411CA2CEA /* Frameworks */,
				19C28FACFE9D520D11CA2CBB /* Products */,
			);
			name = CustomTemplate;
			sourceTree = "<group>";
		};
		29B97315FDCFA39411CA2CEA /* Other Sources */ = {
			isa = PBXGroup;
			children = (
				32CA4F630368D1EE00C91783 /* Fruitmunch_Prefix.pch */,
				29B97316FDCFA39411CA2CEA /* main.m */,
			);
			name = "Other Sources";
			sourceTree = "<group>";
		};
		29B97323FDCFA39411CA2CEA /* Frameworks */ = {
			isa = PBXGroup;
			children = (
				0399694D12A824CA00D0C56D /* AVFoundation.framework */,
				0399694E12A824CA00D0C56D /* OpenAL.framework */,
				0399694F12A824CA00D0C56D /* OpenGLES.framework */,
				0399695012A824CA00D0C56D /* QuartzCore.framework */,
				0399695112A824CA00D0C56D /* libz.dylib */,
				0399695212A824CA00D0C56D /* AudioToolbox.framework */,
				1DF5F4DF0D08C38300B7A737 /* UIKit.framework */,
				1D30AB110D05D00D00671497 /* Foundation.framework */,
				288765FC0DF74451002DB57D /* CoreGraphics.framework */,
				032A173C12AC56000046B89E /* GameKit.framework */,
				03109E8B12AD4667008B6DF7 /* StoreKit.framework */,
			);
			name = Frameworks;
			sourceTree = "<group>";
		};
/* End PBXGroup section */

/* Begin PBXNativeTarget section */
		1D6058900D05DD3D006BFB54 /* Fruitmunch */ = {
			isa = PBXNativeTarget;
			buildConfigurationList = 1D6058960D05DD3E006BFB54 /* Build configuration list for PBXNativeTarget "Fruitmunch" */;
			buildPhases = (
				1D60588D0D05DD3D006BFB54 /* Resources */,
				1D60588E0D05DD3D006BFB54 /* Sources */,
				1D60588F0D05DD3D006BFB54 /* Frameworks */,
			);
			buildRules = (
			);
			dependencies = (
			);
			name = Fruitmunch;
			productName = Fruitmunch;
			productReference = 1D6058910D05DD3D006BFB54 /* Fruitmunch.app */;
			productType = "com.apple.product-type.application";
		};
/* End PBXNativeTarget section */

/* Begin PBXProject section */
		29B97313FDCFA39411CA2CEA /* Project object */ = {
			isa = PBXProject;
			buildConfigurationList = C01FCF4E08A954540054247B /* Build configuration list for PBXProject "Fruitmunch" */;
			compatibilityVersion = "Xcode 3.1";
			developmentRegion = English;
			hasScannedForEncodings = 1;
			knownRegions = (
				English,
				Japanese,
				French,
				German,
			);
			mainGroup = 29B97314FDCFA39411CA2CEA /* CustomTemplate */;
			projectDirPath = "";
			projectRoot = "";
			targets = (
				1D6058900D05DD3D006BFB54 /* Fruitmunch */,
			);
		};
/* End PBXProject section */

/* Begin PBXResourcesBuildPhase section */
		1D60588D0D05DD3D006BFB54 /* Resources */ = {
			isa = PBXResourcesBuildPhase;
			buildActionMask = 2147483647;
			files = (
				039968E212A8245300D0C56D /* back.png in Resources */,
				039968E312A8245300D0C56D /* zomg.fnt in Resources */,
				039968E412A8245300D0C56D /* zomg.png in Resources */,
				0399698512A828C700D0C56D /* banana40.png in Resources */,
				0399698612A828C700D0C56D /* bug40.png in Resources */,
				0399698712A828C700D0C56D /* clock.png in Resources */,
				0399698812A828C700D0C56D /* grapes40.png in Resources */,
				0399698912A828C700D0C56D /* lemon40.png in Resources */,
				0399698A12A828C700D0C56D /* orange40.png in Resources */,
				0399698B12A828C700D0C56D /* pause.png in Resources */,
				03996BCA12A8770200D0C56D /* marker.pex in Resources */,
				03996C0B12A87C5500D0C56D /* stars.pex in Resources */,
				030625F412A9022700325249 /* MainViewController_fmunch.xib in Resources */,
				03ABF17812AA627600320143 /* goldstars.pex in Resources */,
				03ABF18312AA636600320143 /* goldstar2.pex in Resources */,
				03ABF1FF12AA869900320143 /* Time_Up.mp3 in Resources */,
				03ABF21F12AA886F00320143 /* Go.mp3 in Resources */,
				03ABF22012AA886F00320143 /* Get_ready.mp3 in Resources */,
				03ABF23A12AA89D100320143 /* Game_Over.mp3 in Resources */,
				03ABF23D12AA8A0800320143 /* gemongem2.mp3 in Resources */,
				03ABF26112AA8B5D00320143 /* combo32.mp3 in Resources */,
				03ABF27112AA8C0800320143 /* combo72.mp3 in Resources */,
				03ABF27212AA8C0800320143 /* combo62.mp3 in Resources */,
				03ABF27312AA8C0800320143 /* combo52.mp3 in Resources */,
				03ABF27412AA8C0800320143 /* combo42.mp3 in Resources */,
				03ABF29B12AA8EC300320143 /* excellent1.mp3 in Resources */,
				03ABF29D12AA8EEB00320143 /* Good.mp3 in Resources */,
				03ABF29F12AA8F0300320143 /* gotset2.mp3 in Resources */,
				03ABF2A112AA8F1500320143 /* Incredible.mp3 in Resources */,
				03ABF2CE12AAA48D00320143 /* menu.mp3 in Resources */,
				03ABF2D612AAA5EB00320143 /* timed.mp3 in Resources */,
				03ABF2D812AAA5F000320143 /* endless.mp3 in Resources */,
				03ABF3E412AABAFB00320143 /* strawberry.png in Resources */,
				03ABF46E12AAC7F900320143 /* Icon.png in Resources */,
				03109F5912AD48D0008B6DF7 /* FacebookSubmitController.xib in Resources */,
				03109F5B12AD48D0008B6DF7 /* FBDialog.bundle in Resources */,
				03109F6712AD48D0008B6DF7 /* MainViewController_landscape.xib in Resources */,
				03109F6812AD48D0008B6DF7 /* MainViewController_portrait.xib in Resources */,
				03109F6912AD48D0008B6DF7 /* MainWindow.xib in Resources */,
				03109FDB12AD4E8F008B6DF7 /* MinyxStoreViewController.xib in Resources */,
				0310A02D12AD551A008B6DF7 /* moneyyy.jpg in Resources */,
				0310A0C712AD64FB008B6DF7 /* orange.png in Resources */,
				0310A0C812AD64FB008B6DF7 /* apple.png in Resources */,
				0310A0C912AD64FB008B6DF7 /* banana.png in Resources */,
				0310A0CA12AD64FB008B6DF7 /* grapes.png in Resources */,
				0310A0CB12AD64FB008B6DF7 /* lemon2.png in Resources */,
				0310A0CC12AD64FB008B6DF7 /* lemon.png in Resources */,
				0310A11612AD6904008B6DF7 /* fruits.png in Resources */,
				0310A17912AD73AC008B6DF7 /* combo1.m4a in Resources */,
				0310A17A12AD73AC008B6DF7 /* combo2.m4a in Resources */,
				0310A17B12AD73AC008B6DF7 /* combo3.m4a in Resources */,
				0310A17C12AD73AC008B6DF7 /* combo4.m4a in Resources */,
				0310A17D12AD73AC008B6DF7 /* combo5.m4a in Resources */,
				03275A3112AD7B1000B4CF98 /* fuck5.mp3 in Resources */,
				03275A3212AD7B1000B4CF98 /* fuck4.mp3 in Resources */,
				03275A3312AD7B1000B4CF98 /* fuck3.mp3 in Resources */,
				03275A3412AD7B1000B4CF98 /* fuck2.mp3 in Resources */,
				03275A3512AD7B1000B4CF98 /* fuck1.mp3 in Resources */,
			);
			runOnlyForDeploymentPostprocessing = 0;
		};
/* End PBXResourcesBuildPhase section */

/* Begin PBXSourcesBuildPhase section */
		1D60588E0D05DD3D006BFB54 /* Sources */ = {
			isa = PBXSourcesBuildPhase;
			buildActionMask = 2147483647;
			files = (
				1D60589B0D05DD56006BFB54 /* main.m in Sources */,
				039968D012A8243300D0C56D /* globals.mm in Sources */,
				039968D112A8243300D0C56D /* Game.mm in Sources */,
				039968D212A8243300D0C56D /* GameScene.mm in Sources */,
				039968D312A8243300D0C56D /* GameComponents.mm in Sources */,
				039968D412A8243300D0C56D /* GameBoardSystem.mm in Sources */,
				039968D512A8243300D0C56D /* PlayerControlledSystem.mm in Sources */,
				039968D612A8243300D0C56D /* GameLogicSystem.mm in Sources */,
				039968D712A8243300D0C56D /* HUDSystem.mm in Sources */,
				039968D812A8243300D0C56D /* AppController.mm in Sources */,
				0399698E12A855B400D0C56D /* Fruit.mm in Sources */,
				0306261612A9058400325249 /* MenuScene.mm in Sources */,
				03109F4212AD48D0008B6DF7 /* Component.mm in Sources */,
				03109F4312AD48D0008B6DF7 /* Entity.mm in Sources */,
				03109F4412AD48D0008B6DF7 /* EntityManager.mm in Sources */,
				03109F4512AD48D0008B6DF7 /* CDAudioManager.m in Sources */,
				03109F4612AD48D0008B6DF7 /* CDOpenALSupport.m in Sources */,
				03109F4712AD48D0008B6DF7 /* CocosDenshion.m in Sources */,
				03109F4812AD48D0008B6DF7 /* SimpleAudioEngine.m in Sources */,
				03109F4912AD48D0008B6DF7 /* bm_font.mm in Sources */,
				03109F4A12AD48D0008B6DF7 /* OBJCTexture2D.mm in Sources */,
				03109F4B12AD48D0008B6DF7 /* ParticleEmitter.mm in Sources */,
				03109F4C12AD48D0008B6DF7 /* TBXMLParticleAdditions.m in Sources */,
				03109F4D12AD48D0008B6DF7 /* NSDataAdditions.m in Sources */,
				03109F4E12AD48D0008B6DF7 /* TBXML.m in Sources */,
				03109F4F12AD48D0008B6DF7 /* RenderDevice.mm in Sources */,
				03109F5012AD48D0008B6DF7 /* image_DXT.mm in Sources */,
				03109F5112AD48D0008B6DF7 /* image_helper.mm in Sources */,
				03109F5212AD48D0008B6DF7 /* SOIL.mm in Sources */,
				03109F5312AD48D0008B6DF7 /* stb_image_aug.mm in Sources */,
				03109F5412AD48D0008B6DF7 /* Texture2D.mm in Sources */,
				03109F5512AD48D0008B6DF7 /* TexturedQuad.mm in Sources */,
				03109F5612AD48D0008B6DF7 /* InputDevice.mm in Sources */,
				03109F5712AD48D0008B6DF7 /* EAGLView.mm in Sources */,
				03109F5812AD48D0008B6DF7 /* FacebookSubmitController.m in Sources */,
				03109F5A12AD48D0008B6DF7 /* Facebook.m in Sources */,
				03109F5C12AD48D0008B6DF7 /* FBDialog.m in Sources */,
				03109F5D12AD48D0008B6DF7 /* FBLoginDialog.m in Sources */,
				03109F5E12AD48D0008B6DF7 /* FBRequest.m in Sources */,
				03109F5F12AD48D0008B6DF7 /* NSObject+SBJSON.m in Sources */,
				03109F6012AD48D0008B6DF7 /* NSString+SBJSON.m in Sources */,
				03109F6112AD48D0008B6DF7 /* SBJSON.m in Sources */,
				03109F6212AD48D0008B6DF7 /* SBJsonBase.m in Sources */,
				03109F6312AD48D0008B6DF7 /* SBJsonParser.m in Sources */,
				03109F6412AD48D0008B6DF7 /* SBJsonWriter.m in Sources */,
				03109F6512AD48D0008B6DF7 /* GameCenterManager.m in Sources */,
				03109F6612AD48D0008B6DF7 /* MainViewController.mm in Sources */,
				03109F6A12AD48D0008B6DF7 /* MKStoreManager.m in Sources */,
				03109F6B12AD48D0008B6DF7 /* MKStoreObserver.m in Sources */,
				03109F6C12AD48D0008B6DF7 /* MXAppDelegate.mm in Sources */,
				03109F6D12AD48D0008B6DF7 /* RenderableManager.mm in Sources */,
				03109F6E12AD48D0008B6DF7 /* TextureManager.mm in Sources */,
				03109F6F12AD48D0008B6DF7 /* Scene.mm in Sources */,
				03109F7012AD48D0008B6DF7 /* Timer.mm in Sources */,
				03109F7112AD48D0008B6DF7 /* util.cpp in Sources */,
				03109F7212AD48D0008B6DF7 /* ActionSystem.mm in Sources */,
				03109F7312AD48D0008B6DF7 /* AnimationSystem.mm in Sources */,
				03109F7412AD48D0008B6DF7 /* AttachmentSystem.mm in Sources */,
				03109F7512AD48D0008B6DF7 /* CorpseRetrievalSystem.mm in Sources */,
				03109F7612AD48D0008B6DF7 /* MovementSystem.mm in Sources */,
				03109F7712AD48D0008B6DF7 /* ParticleSystem.mm in Sources */,
				03109F7812AD48D0008B6DF7 /* RenderSystem.mm in Sources */,
				03109F7912AD48D0008B6DF7 /* SoundSystem.mm in Sources */,
				03109FDA12AD4E8F008B6DF7 /* MinyxStoreViewController.m in Sources */,
			);
			runOnlyForDeploymentPostprocessing = 0;
		};
/* End PBXSourcesBuildPhase section */

/* Begin XCBuildConfiguration section */
		03ABF44812AAC72500320143 /* Ad-Hoc */ = {
			isa = XCBuildConfiguration;
			buildSettings = {
				ARCHS = "$(ARCHS_STANDARD_32_BIT)";
				CODE_SIGN_ENTITLEMENTS = Entitlements.plist;
				"CODE_SIGN_IDENTITY[sdk=iphoneos*]" = "iPhone Distribution: Jaroslaw Szpilewski";
				GCC_C_LANGUAGE_STANDARD = c99;
				GCC_WARN_ABOUT_RETURN_TYPE = YES;
				GCC_WARN_UNUSED_VARIABLE = YES;
				OTHER_CFLAGS = "-DNS_BLOCK_ASSERTIONS=1";
				PREBINDING = NO;
				"PROVISIONING_PROFILE[sdk=iphoneos*]" = "2B52CCCB-FFDC-4D4A-B3C2-960BABDED001";
				SDKROOT = iphoneos;
			};
			name = "Ad-Hoc";
		};
		03ABF44912AAC72500320143 /* Ad-Hoc */ = {
			isa = XCBuildConfiguration;
			buildSettings = {
				ALWAYS_SEARCH_USER_PATHS = NO;
				CODE_SIGN_ENTITLEMENTS = "~/Desktop/Fruitmunch/EntitlementsDebug.plist";
				COPY_PHASE_STRIP = YES;
				GCC_PRECOMPILE_PREFIX_HEADER = YES;
				GCC_PREFIX_HEADER = Fruitmunch_Prefix.pch;
				INFOPLIST_FILE = "Fruitmunch-Info.plist";
				PRODUCT_NAME = Fruitmunch;
				VALIDATE_PRODUCT = YES;
			};
			name = "Ad-Hoc";
		};
		1D6058940D05DD3E006BFB54 /* Debug */ = {
			isa = XCBuildConfiguration;
			buildSettings = {
				ALWAYS_SEARCH_USER_PATHS = NO;
				CODE_SIGN_ENTITLEMENTS = "~/Desktop/Fruitmunch/EntitlementsDebug.plist";
				COPY_PHASE_STRIP = NO;
				GCC_DYNAMIC_NO_PIC = NO;
				GCC_OPTIMIZATION_LEVEL = 0;
				GCC_PRECOMPILE_PREFIX_HEADER = YES;
				GCC_PREFIX_HEADER = Fruitmunch_Prefix.pch;
				INFOPLIST_FILE = "Fruitmunch-Info.plist";
				PRODUCT_NAME = Fruitmunch;
			};
			name = Debug;
		};
		1D6058950D05DD3E006BFB54 /* Release */ = {
			isa = XCBuildConfiguration;
			buildSettings = {
				ALWAYS_SEARCH_USER_PATHS = NO;
				CODE_SIGN_ENTITLEMENTS = "~/Desktop/Fruitmunch/EntitlementsDebug.plist";
				COPY_PHASE_STRIP = YES;
				GCC_PRECOMPILE_PREFIX_HEADER = YES;
				GCC_PREFIX_HEADER = Fruitmunch_Prefix.pch;
				INFOPLIST_FILE = "Fruitmunch-Info.plist";
				PRODUCT_NAME = Fruitmunch;
				VALIDATE_PRODUCT = YES;
			};
			name = Release;
		};
		C01FCF4F08A954540054247B /* Debug */ = {
			isa = XCBuildConfiguration;
			buildSettings = {
				ARCHS = "$(ARCHS_STANDARD_32_BIT)";
				"CODE_SIGN_IDENTITY[sdk=iphoneos*]" = "iPhone Developer";
				GCC_C_LANGUAGE_STANDARD = c99;
				GCC_WARN_ABOUT_RETURN_TYPE = YES;
				GCC_WARN_UNUSED_VARIABLE = YES;
				PREBINDING = NO;
				SDKROOT = iphoneos;
			};
			name = Debug;
		};
		C01FCF5008A954540054247B /* Release */ = {
			isa = XCBuildConfiguration;
			buildSettings = {
				ARCHS = "$(ARCHS_STANDARD_32_BIT)";
				"CODE_SIGN_IDENTITY[sdk=iphoneos*]" = "iPhone Developer";
				GCC_C_LANGUAGE_STANDARD = c99;
				GCC_WARN_ABOUT_RETURN_TYPE = YES;
				GCC_WARN_UNUSED_VARIABLE = YES;
				OTHER_CFLAGS = "-DNS_BLOCK_ASSERTIONS=1";
				PREBINDING = NO;
				SDKROOT = iphoneos;
			};
			name = Release;
		};
/* End XCBuildConfiguration section */

/* Begin XCConfigurationList section */
		1D6058960D05DD3E006BFB54 /* Build configuration list for PBXNativeTarget "Fruitmunch" */ = {
			isa = XCConfigurationList;
			buildConfigurations = (
				1D6058940D05DD3E006BFB54 /* Debug */,
				1D6058950D05DD3E006BFB54 /* Release */,
				03ABF44912AAC72500320143 /* Ad-Hoc */,
			);
			defaultConfigurationIsVisible = 0;
			defaultConfigurationName = Release;
		};
		C01FCF4E08A954540054247B /* Build configuration list for PBXProject "Fruitmunch" */ = {
			isa = XCConfigurationList;
			buildConfigurations = (
				C01FCF4F08A954540054247B /* Debug */,
				C01FCF5008A954540054247B /* Release */,
				03ABF44812AAC72500320143 /* Ad-Hoc */,
			);
			defaultConfigurationIsVisible = 0;
			defaultConfigurationName = Release;
		};
/* End XCConfigurationList section */
	};
	rootObject = 29B97313FDCFA39411CA2CEA /* Project object */;
}
